// !$*UTF8*$!
{
	archiveVersion = 1;
	classes = {
	};
	objectVersion = 56;
	objects = {

/* Begin PBXBuildFile section */
		5FAFBC0A2B49E1A60018504E /* OdysseyApp.swift in Sources */ = {isa = PBXBuildFile; fileRef = 5FAFBC092B49E1A60018504E /* OdysseyApp.swift */; };
		5FAFBC0C2B49E1A60018504E /* ContentView.swift in Sources */ = {isa = PBXBuildFile; fileRef = 5FAFBC0B2B49E1A60018504E /* ContentView.swift */; };
		5FAFBC0E2B49E1A80018504E /* Assets.xcassets in Resources */ = {isa = PBXBuildFile; fileRef = 5FAFBC0D2B49E1A80018504E /* Assets.xcassets */; };
		5FAFBC112B49E1A80018504E /* Preview Assets.xcassets in Resources */ = {isa = PBXBuildFile; fileRef = 5FAFBC102B49E1A80018504E /* Preview Assets.xcassets */; };
		5FAFBC132B49E1A80018504E /* Persistence.swift in Sources */ = {isa = PBXBuildFile; fileRef = 5FAFBC122B49E1A80018504E /* Persistence.swift */; };
		5FAFBC162B49E1A80018504E /* Odyssey.xcdatamodeld in Sources */ = {isa = PBXBuildFile; fileRef = 5FAFBC142B49E1A80018504E /* Odyssey.xcdatamodeld */; };
		5FAFBC202B49E1A80018504E /* OdysseyTests.swift in Sources */ = {isa = PBXBuildFile; fileRef = 5FAFBC1F2B49E1A80018504E /* OdysseyTests.swift */; };
		5FAFBC2A2B49E1A80018504E /* OdysseyUITests.swift in Sources */ = {isa = PBXBuildFile; fileRef = 5FAFBC292B49E1A80018504E /* OdysseyUITests.swift */; };
		5FAFBC2C2B49E1A80018504E /* OdysseyUITestsLaunchTests.swift in Sources */ = {isa = PBXBuildFile; fileRef = 5FAFBC2B2B49E1A80018504E /* OdysseyUITestsLaunchTests.swift */; };
/* End PBXBuildFile section */

/* Begin PBXContainerItemProxy section */
		5FAFBC1C2B49E1A80018504E /* PBXContainerItemProxy */ = {
			isa = PBXContainerItemProxy;
			containerPortal = 5FAFBBFE2B49E1A60018504E /* Project object */;
			proxyType = 1;
			remoteGlobalIDString = 5FAFBC052B49E1A60018504E;
			remoteInfo = Odyssey;
		};
		5FAFBC262B49E1A80018504E /* PBXContainerItemProxy */ = {
			isa = PBXContainerItemProxy;
			containerPortal = 5FAFBBFE2B49E1A60018504E /* Project object */;
			proxyType = 1;
			remoteGlobalIDString = 5FAFBC052B49E1A60018504E;
			remoteInfo = Odyssey;
		};
/* End PBXContainerItemProxy section */

/* Begin PBXFileReference section */
		5FAFBC062B49E1A60018504E /* Odyssey.app */ = {isa = PBXFileReference; explicitFileType = wrapper.application; includeInIndex = 0; path = Odyssey.app; sourceTree = BUILT_PRODUCTS_DIR; };
		5FAFBC092B49E1A60018504E /* OdysseyApp.swift */ = {isa = PBXFileReference; lastKnownFileType = sourcecode.swift; path = OdysseyApp.swift; sourceTree = "<group>"; };
		5FAFBC0B2B49E1A60018504E /* ContentView.swift */ = {isa = PBXFileReference; lastKnownFileType = sourcecode.swift; path = ContentView.swift; sourceTree = "<group>"; };
		5FAFBC0D2B49E1A80018504E /* Assets.xcassets */ = {isa = PBXFileReference; lastKnownFileType = folder.assetcatalog; path = Assets.xcassets; sourceTree = "<group>"; };
		5FAFBC102B49E1A80018504E /* Preview Assets.xcassets */ = {isa = PBXFileReference; lastKnownFileType = folder.assetcatalog; path = "Preview Assets.xcassets"; sourceTree = "<group>"; };
		5FAFBC122B49E1A80018504E /* Persistence.swift */ = {isa = PBXFileReference; lastKnownFileType = sourcecode.swift; path = Persistence.swift; sourceTree = "<group>"; };
		5FAFBC152B49E1A80018504E /* Odyssey.xcdatamodel */ = {isa = PBXFileReference; lastKnownFileType = wrapper.xcdatamodel; path = Odyssey.xcdatamodel; sourceTree = "<group>"; };
		5FAFBC1B2B49E1A80018504E /* OdysseyTests.xctest */ = {isa = PBXFileReference; explicitFileType = wrapper.cfbundle; includeInIndex = 0; path = OdysseyTests.xctest; sourceTree = BUILT_PRODUCTS_DIR; };
		5FAFBC1F2B49E1A80018504E /* OdysseyTests.swift */ = {isa = PBXFileReference; lastKnownFileType = sourcecode.swift; path = OdysseyTests.swift; sourceTree = "<group>"; };
		5FAFBC252B49E1A80018504E /* OdysseyUITests.xctest */ = {isa = PBXFileReference; explicitFileType = wrapper.cfbundle; includeInIndex = 0; path = OdysseyUITests.xctest; sourceTree = BUILT_PRODUCTS_DIR; };
		5FAFBC292B49E1A80018504E /* OdysseyUITests.swift */ = {isa = PBXFileReference; lastKnownFileType = sourcecode.swift; path = OdysseyUITests.swift; sourceTree = "<group>"; };
		5FAFBC2B2B49E1A80018504E /* OdysseyUITestsLaunchTests.swift */ = {isa = PBXFileReference; lastKnownFileType = sourcecode.swift; path = OdysseyUITestsLaunchTests.swift; sourceTree = "<group>"; };
/* End PBXFileReference section */

/* Begin PBXFrameworksBuildPhase section */
		5FAFBC032B49E1A60018504E /* Frameworks */ = {
			isa = PBXFrameworksBuildPhase;
			buildActionMask = 2147483647;
			files = (
			);
			runOnlyForDeploymentPostprocessing = 0;
		};
		5FAFBC182B49E1A80018504E /* Frameworks */ = {
			isa = PBXFrameworksBuildPhase;
			buildActionMask = 2147483647;
			files = (
			);
			runOnlyForDeploymentPostprocessing = 0;
		};
		5FAFBC222B49E1A80018504E /* Frameworks */ = {
			isa = PBXFrameworksBuildPhase;
			buildActionMask = 2147483647;
			files = (
			);
			runOnlyForDeploymentPostprocessing = 0;
		};
/* End PBXFrameworksBuildPhase section */

/* Begin PBXGroup section */
		5FAFBBFD2B49E1A60018504E = {
			isa = PBXGroup;
			children = (
				5FAFBC082B49E1A60018504E /* Odyssey */,
				5FAFBC1E2B49E1A80018504E /* OdysseyTests */,
				5FAFBC282B49E1A80018504E /* OdysseyUITests */,
				5FAFBC072B49E1A60018504E /* Products */,
			);
			sourceTree = "<group>";
		};
		5FAFBC072B49E1A60018504E /* Products */ = {
			isa = PBXGroup;
			children = (
				5FAFBC062B49E1A60018504E /* Odyssey.app */,
				5FAFBC1B2B49E1A80018504E /* OdysseyTests.xctest */,
				5FAFBC252B49E1A80018504E /* OdysseyUITests.xctest */,
			);
			name = Products;
			sourceTree = "<group>";
		};
		5FAFBC082B49E1A60018504E /* Odyssey */ = {
			isa = PBXGroup;
			children = (
				5FAFBC092B49E1A60018504E /* OdysseyApp.swift */,
				5FAFBC0B2B49E1A60018504E /* ContentView.swift */,
				5FAFBC0D2B49E1A80018504E /* Assets.xcassets */,
				5FAFBC122B49E1A80018504E /* Persistence.swift */,
				5FAFBC142B49E1A80018504E /* Odyssey.xcdatamodeld */,
				5FAFBC0F2B49E1A80018504E /* Preview Content */,
			);
			path = Odyssey;
			sourceTree = "<group>";
		};
		5FAFBC0F2B49E1A80018504E /* Preview Content */ = {
			isa = PBXGroup;
			children = (
				5FAFBC102B49E1A80018504E /* Preview Assets.xcassets */,
			);
			path = "Preview Content";
			sourceTree = "<group>";
		};
		5FAFBC1E2B49E1A80018504E /* OdysseyTests */ = {
			isa = PBXGroup;
			children = (
				5FAFBC1F2B49E1A80018504E /* OdysseyTests.swift */,
			);
			path = OdysseyTests;
			sourceTree = "<group>";
		};
		5FAFBC282B49E1A80018504E /* OdysseyUITests */ = {
			isa = PBXGroup;
			children = (
				5FAFBC292B49E1A80018504E /* OdysseyUITests.swift */,
				5FAFBC2B2B49E1A80018504E /* OdysseyUITestsLaunchTests.swift */,
			);
			path = OdysseyUITests;
			sourceTree = "<group>";
		};
/* End PBXGroup section */

/* Begin PBXNativeTarget section */
		5FAFBC052B49E1A60018504E /* Odyssey */ = {
			isa = PBXNativeTarget;
			buildConfigurationList = 5FAFBC2F2B49E1A90018504E /* Build configuration list for PBXNativeTarget "Odyssey" */;
			buildPhases = (
				5FAFBC022B49E1A60018504E /* Sources */,
				5FAFBC032B49E1A60018504E /* Frameworks */,
				5FAFBC042B49E1A60018504E /* Resources */,
			);
			buildRules = (
			);
			dependencies = (
			);
			name = Odyssey;
			productName = Odyssey;
			productReference = 5FAFBC062B49E1A60018504E /* Odyssey.app */;
			productType = "com.apple.product-type.application";
		};
		5FAFBC1A2B49E1A80018504E /* OdysseyTests */ = {
			isa = PBXNativeTarget;
			buildConfigurationList = 5FAFBC322B49E1A90018504E /* Build configuration list for PBXNativeTarget "OdysseyTests" */;
			buildPhases = (
				5FAFBC172B49E1A80018504E /* Sources */,
				5FAFBC182B49E1A80018504E /* Frameworks */,
				5FAFBC192B49E1A80018504E /* Resources */,
			);
			buildRules = (
			);
			dependencies = (
				5FAFBC1D2B49E1A80018504E /* PBXTargetDependency */,
			);
			name = OdysseyTests;
			productName = OdysseyTests;
			productReference = 5FAFBC1B2B49E1A80018504E /* OdysseyTests.xctest */;
			productType = "com.apple.product-type.bundle.unit-test";
		};
		5FAFBC242B49E1A80018504E /* OdysseyUITests */ = {
			isa = PBXNativeTarget;
			buildConfigurationList = 5FAFBC352B49E1A90018504E /* Build configuration list for PBXNativeTarget "OdysseyUITests" */;
			buildPhases = (
				5FAFBC212B49E1A80018504E /* Sources */,
				5FAFBC222B49E1A80018504E /* Frameworks */,
				5FAFBC232B49E1A80018504E /* Resources */,
			);
			buildRules = (
			);
			dependencies = (
				5FAFBC272B49E1A80018504E /* PBXTargetDependency */,
			);
			name = OdysseyUITests;
			productName = OdysseyUITests;
			productReference = 5FAFBC252B49E1A80018504E /* OdysseyUITests.xctest */;
			productType = "com.apple.product-type.bundle.ui-testing";
		};
/* End PBXNativeTarget section */

/* Begin PBXProject section */
		5FAFBBFE2B49E1A60018504E /* Project object */ = {
			isa = PBXProject;
			attributes = {
				BuildIndependentTargetsInParallel = 1;
				LastSwiftUpdateCheck = 1400;
				LastUpgradeCheck = 1400;
				TargetAttributes = {
					5FAFBC052B49E1A60018504E = {
						CreatedOnToolsVersion = 14.0;
					};
					5FAFBC1A2B49E1A80018504E = {
						CreatedOnToolsVersion = 14.0;
						TestTargetID = 5FAFBC052B49E1A60018504E;
					};
					5FAFBC242B49E1A80018504E = {
						CreatedOnToolsVersion = 14.0;
						TestTargetID = 5FAFBC052B49E1A60018504E;
					};
				};
			};
			buildConfigurationList = 5FAFBC012B49E1A60018504E /* Build configuration list for PBXProject "Odyssey" */;
			compatibilityVersion = "Xcode 14.0";
			developmentRegion = en;
			hasScannedForEncodings = 0;
			knownRegions = (
				en,
				Base,
			);
			mainGroup = 5FAFBBFD2B49E1A60018504E;
			productRefGroup = 5FAFBC072B49E1A60018504E /* Products */;
			projectDirPath = "";
			projectRoot = "";
			targets = (
				5FAFBC052B49E1A60018504E /* Odyssey */,
				5FAFBC1A2B49E1A80018504E /* OdysseyTests */,
				5FAFBC242B49E1A80018504E /* OdysseyUITests */,
			);
		};
/* End PBXProject section */

/* Begin PBXResourcesBuildPhase section */
		5FAFBC042B49E1A60018504E /* Resources */ = {
			isa = PBXResourcesBuildPhase;
			buildActionMask = 2147483647;
			files = (
				5FAFBC112B49E1A80018504E /* Preview Assets.xcassets in Resources */,
				5FAFBC0E2B49E1A80018504E /* Assets.xcassets in Resources */,
			);
			runOnlyForDeploymentPostprocessing = 0;
		};
		5FAFBC192B49E1A80018504E /* Resources */ = {
			isa = PBXResourcesBuildPhase;
			buildActionMask = 2147483647;
			files = (
			);
			runOnlyForDeploymentPostprocessing = 0;
		};
		5FAFBC232B49E1A80018504E /* Resources */ = {
			isa = PBXResourcesBuildPhase;
			buildActionMask = 2147483647;
			files = (
			);
			runOnlyForDeploymentPostprocessing = 0;
		};
/* End PBXResourcesBuildPhase section */

/* Begin PBXSourcesBuildPhase section */
		5FAFBC022B49E1A60018504E /* Sources */ = {
			isa = PBXSourcesBuildPhase;
			buildActionMask = 2147483647;
			files = (
				5FAFBC162B49E1A80018504E /* Odyssey.xcdatamodeld in Sources */,
				5FAFBC132B49E1A80018504E /* Persistence.swift in Sources */,
				5FAFBC0C2B49E1A60018504E /* ContentView.swift in Sources */,
				5FAFBC0A2B49E1A60018504E /* OdysseyApp.swift in Sources */,
			);
			runOnlyForDeploymentPostprocessing = 0;
		};
		5FAFBC172B49E1A80018504E /* Sources */ = {
			isa = PBXSourcesBuildPhase;
			buildActionMask = 2147483647;
			files = (
				5FAFBC202B49E1A80018504E /* OdysseyTests.swift in Sources */,
			);
			runOnlyForDeploymentPostprocessing = 0;
		};
		5FAFBC212B49E1A80018504E /* Sources */ = {
			isa = PBXSourcesBuildPhase;
			buildActionMask = 2147483647;
			files = (
				5FAFBC2A2B49E1A80018504E /* OdysseyUITests.swift in Sources */,
				5FAFBC2C2B49E1A80018504E /* OdysseyUITestsLaunchTests.swift in Sources */,
			);
			runOnlyForDeploymentPostprocessing = 0;
		};
/* End PBXSourcesBuildPhase section */

/* Begin PBXTargetDependency section */
		5FAFBC1D2B49E1A80018504E /* PBXTargetDependency */ = {
			isa = PBXTargetDependency;
			target = 5FAFBC052B49E1A60018504E /* Odyssey */;
			targetProxy = 5FAFBC1C2B49E1A80018504E /* PBXContainerItemProxy */;
		};
		5FAFBC272B49E1A80018504E /* PBXTargetDependency */ = {
			isa = PBXTargetDependency;
			target = 5FAFBC052B49E1A60018504E /* Odyssey */;
			targetProxy = 5FAFBC262B49E1A80018504E /* PBXContainerItemProxy */;
		};
/* End PBXTargetDependency section */

/* Begin XCBuildConfiguration section */
		5FAFBC2D2B49E1A90018504E /* Debug */ = {
			isa = XCBuildConfiguration;
			buildSettings = {
				ALWAYS_SEARCH_USER_PATHS = NO;
				CLANG_ANALYZER_NONNULL = YES;
				CLANG_ANALYZER_NUMBER_OBJECT_CONVERSION = YES_AGGRESSIVE;
				CLANG_CXX_LANGUAGE_STANDARD = "gnu++20";
				CLANG_ENABLE_MODULES = YES;
				CLANG_ENABLE_OBJC_ARC = YES;
				CLANG_ENABLE_OBJC_WEAK = YES;
				CLANG_WARN_BLOCK_CAPTURE_AUTORELEASING = YES;
				CLANG_WARN_BOOL_CONVERSION = YES;
				CLANG_WARN_COMMA = YES;
				CLANG_WARN_CONSTANT_CONVERSION = YES;
				CLANG_WARN_DEPRECATED_OBJC_IMPLEMENTATIONS = YES;
				CLANG_WARN_DIRECT_OBJC_ISA_USAGE = YES_ERROR;
				CLANG_WARN_DOCUMENTATION_COMMENTS = YES;
				CLANG_WARN_EMPTY_BODY = YES;
				CLANG_WARN_ENUM_CONVERSION = YES;
				CLANG_WARN_INFINITE_RECURSION = YES;
				CLANG_WARN_INT_CONVERSION = YES;
				CLANG_WARN_NON_LITERAL_NULL_CONVERSION = YES;
				CLANG_WARN_OBJC_IMPLICIT_RETAIN_SELF = YES;
				CLANG_WARN_OBJC_LITERAL_CONVERSION = YES;
				CLANG_WARN_OBJC_ROOT_CLASS = YES_ERROR;
				CLANG_WARN_QUOTED_INCLUDE_IN_FRAMEWORK_HEADER = YES;
				CLANG_WARN_RANGE_LOOP_ANALYSIS = YES;
				CLANG_WARN_STRICT_PROTOTYPES = YES;
				CLANG_WARN_SUSPICIOUS_MOVE = YES;
				CLANG_WARN_UNGUARDED_AVAILABILITY = YES_AGGRESSIVE;
				CLANG_WARN_UNREACHABLE_CODE = YES;
				CLANG_WARN__DUPLICATE_METHOD_MATCH = YES;
				COPY_PHASE_STRIP = NO;
				DEBUG_INFORMATION_FORMAT = dwarf;
				ENABLE_STRICT_OBJC_MSGSEND = YES;
				ENABLE_TESTABILITY = YES;
				GCC_C_LANGUAGE_STANDARD = gnu11;
				GCC_DYNAMIC_NO_PIC = NO;
				GCC_NO_COMMON_BLOCKS = YES;
				GCC_OPTIMIZATION_LEVEL = 0;
				GCC_PREPROCESSOR_DEFINITIONS = (
					"DEBUG=1",
					"$(inherited)",
				);
				GCC_WARN_64_TO_32_BIT_CONVERSION = YES;
				GCC_WARN_ABOUT_RETURN_TYPE = YES_ERROR;
				GCC_WARN_UNDECLARED_SELECTOR = YES;
				GCC_WARN_UNINITIALIZED_AUTOS = YES_AGGRESSIVE;
				GCC_WARN_UNUSED_FUNCTION = YES;
				GCC_WARN_UNUSED_VARIABLE = YES;
				IPHONEOS_DEPLOYMENT_TARGET = 16.0;
				MTL_ENABLE_DEBUG_INFO = INCLUDE_SOURCE;
				MTL_FAST_MATH = YES;
				ONLY_ACTIVE_ARCH = YES;
				SDKROOT = iphoneos;
				SWIFT_ACTIVE_COMPILATION_CONDITIONS = DEBUG;
				SWIFT_OPTIMIZATION_LEVEL = "-Onone";
			};
			name = Debug;
		};
		5FAFBC2E2B49E1A90018504E /* Release */ = {
			isa = XCBuildConfiguration;
			buildSettings = {
				ALWAYS_SEARCH_USER_PATHS = NO;
				CLANG_ANALYZER_NONNULL = YES;
				CLANG_ANALYZER_NUMBER_OBJECT_CONVERSION = YES_AGGRESSIVE;
				CLANG_CXX_LANGUAGE_STANDARD = "gnu++20";
				CLANG_ENABLE_MODULES = YES;
				CLANG_ENABLE_OBJC_ARC = YES;
				CLANG_ENABLE_OBJC_WEAK = YES;
				CLANG_WARN_BLOCK_CAPTURE_AUTORELEASING = YES;
				CLANG_WARN_BOOL_CONVERSION = YES;
				CLANG_WARN_COMMA = YES;
				CLANG_WARN_CONSTANT_CONVERSION = YES;
				CLANG_WARN_DEPRECATED_OBJC_IMPLEMENTATIONS = YES;
				CLANG_WARN_DIRECT_OBJC_ISA_USAGE = YES_ERROR;
				CLANG_WARN_DOCUMENTATION_COMMENTS = YES;
				CLANG_WARN_EMPTY_BODY = YES;
				CLANG_WARN_ENUM_CONVERSION = YES;
				CLANG_WARN_INFINITE_RECURSION = YES;
				CLANG_WARN_INT_CONVERSION = YES;
				CLANG_WARN_NON_LITERAL_NULL_CONVERSION = YES;
				CLANG_WARN_OBJC_IMPLICIT_RETAIN_SELF = YES;
				CLANG_WARN_OBJC_LITERAL_CONVERSION = YES;
				CLANG_WARN_OBJC_ROOT_CLASS = YES_ERROR;
				CLANG_WARN_QUOTED_INCLUDE_IN_FRAMEWORK_HEADER = YES;
				CLANG_WARN_RANGE_LOOP_ANALYSIS = YES;
				CLANG_WARN_STRICT_PROTOTYPES = YES;
				CLANG_WARN_SUSPICIOUS_MOVE = YES;
				CLANG_WARN_UNGUARDED_AVAILABILITY = YES_AGGRESSIVE;
				CLANG_WARN_UNREACHABLE_CODE = YES;
				CLANG_WARN__DUPLICATE_METHOD_MATCH = YES;
				COPY_PHASE_STRIP = NO;
				DEBUG_INFORMATION_FORMAT = "dwarf-with-dsym";
				ENABLE_NS_ASSERTIONS = NO;
				ENABLE_STRICT_OBJC_MSGSEND = YES;
				GCC_C_LANGUAGE_STANDARD = gnu11;
				GCC_NO_COMMON_BLOCKS = YES;
				GCC_WARN_64_TO_32_BIT_CONVERSION = YES;
				GCC_WARN_ABOUT_RETURN_TYPE = YES_ERROR;
				GCC_WARN_UNDECLARED_SELECTOR = YES;
				GCC_WARN_UNINITIALIZED_AUTOS = YES_AGGRESSIVE;
				GCC_WARN_UNUSED_FUNCTION = YES;
				GCC_WARN_UNUSED_VARIABLE = YES;
				IPHONEOS_DEPLOYMENT_TARGET = 16.0;
				MTL_ENABLE_DEBUG_INFO = NO;
				MTL_FAST_MATH = YES;
				SDKROOT = iphoneos;
				SWIFT_COMPILATION_MODE = wholemodule;
				SWIFT_OPTIMIZATION_LEVEL = "-O";
				VALIDATE_PRODUCT = YES;
			};
			name = Release;
		};
		5FAFBC302B49E1A90018504E /* Debug */ = {
			isa = XCBuildConfiguration;
			buildSettings = {
				ASSETCATALOG_COMPILER_APPICON_NAME = AppIcon;
				ASSETCATALOG_COMPILER_GLOBAL_ACCENT_COLOR_NAME = AccentColor;
				CODE_SIGN_STYLE = Automatic;
				CURRENT_PROJECT_VERSION = 1;
				DEVELOPMENT_ASSET_PATHS = "\"Odyssey/Preview Content\"";
				DEVELOPMENT_TEAM = P3Q6VLD666;
				ENABLE_PREVIEWS = YES;
				GENERATE_INFOPLIST_FILE = YES;
				INFOPLIST_KEY_UIApplicationSceneManifest_Generation = YES;
				INFOPLIST_KEY_UIApplicationSupportsIndirectInputEvents = YES;
				INFOPLIST_KEY_UILaunchScreen_Generation = YES;
				INFOPLIST_KEY_UISupportedInterfaceOrientations_iPad = "UIInterfaceOrientationPortrait UIInterfaceOrientationPortraitUpsideDown UIInterfaceOrientationLandscapeLeft UIInterfaceOrientationLandscapeRight";
				INFOPLIST_KEY_UISupportedInterfaceOrientations_iPhone = "UIInterfaceOrientationPortrait UIInterfaceOrientationLandscapeLeft UIInterfaceOrientationLandscapeRight";
				LD_RUNPATH_SEARCH_PATHS = (
					"$(inherited)",
					"@executable_path/Frameworks",
				);
				MARKETING_VERSION = 1.0;
				PRODUCT_BUNDLE_IDENTIFIER = com.johnlarkin.Odyssey;
				PRODUCT_NAME = "$(TARGET_NAME)";
				SWIFT_EMIT_LOC_STRINGS = YES;
				SWIFT_VERSION = 5.0;
				TARGETED_DEVICE_FAMILY = "1,2";
			};
			name = Debug;
		};
		5FAFBC312B49E1A90018504E /* Release */ = {
			isa = XCBuildConfiguration;
			buildSettings = {
				ASSETCATALOG_COMPILER_APPICON_NAME = AppIcon;
				ASSETCATALOG_COMPILER_GLOBAL_ACCENT_COLOR_NAME = AccentColor;
				CODE_SIGN_STYLE = Automatic;
				CURRENT_PROJECT_VERSION = 1;
				DEVELOPMENT_ASSET_PATHS = "\"Odyssey/Preview Content\"";
				DEVELOPMENT_TEAM = P3Q6VLD666;
				ENABLE_PREVIEWS = YES;
				GENERATE_INFOPLIST_FILE = YES;
				INFOPLIST_KEY_UIApplicationSceneManifest_Generation = YES;
				INFOPLIST_KEY_UIApplicationSupportsIndirectInputEvents = YES;
				INFOPLIST_KEY_UILaunchScreen_Generation = YES;
				INFOPLIST_KEY_UISupportedInterfaceOrientations_iPad = "UIInterfaceOrientationPortrait UIInterfaceOrientationPortraitUpsideDown UIInterfaceOrientationLandscapeLeft UIInterfaceOrientationLandscapeRight";
				INFOPLIST_KEY_UISupportedInterfaceOrientations_iPhone = "UIInterfaceOrientationPortrait UIInterfaceOrientationLandscapeLeft UIInterfaceOrientationLandscapeRight";
				LD_RUNPATH_SEARCH_PATHS = (
					"$(inherited)",
					"@executable_path/Frameworks",
				);
				MARKETING_VERSION = 1.0;
				PRODUCT_BUNDLE_IDENTIFIER = com.johnlarkin.Odyssey;
				PRODUCT_NAME = "$(TARGET_NAME)";
				SWIFT_EMIT_LOC_STRINGS = YES;
				SWIFT_VERSION = 5.0;
				TARGETED_DEVICE_FAMILY = "1,2";
			};
			name = Release;
		};
		5FAFBC332B49E1A90018504E /* Debug */ = {
			isa = XCBuildConfiguration;
			buildSettings = {
				ALWAYS_EMBED_SWIFT_STANDARD_LIBRARIES = YES;
				BUNDLE_LOADER = "$(TEST_HOST)";
				CODE_SIGN_STYLE = Automatic;
				CURRENT_PROJECT_VERSION = 1;
				DEVELOPMENT_TEAM = P3Q6VLD666;
				GENERATE_INFOPLIST_FILE = YES;
				IPHONEOS_DEPLOYMENT_TARGET = 16.0;
				MARKETING_VERSION = 1.0;
				PRODUCT_BUNDLE_IDENTIFIER = com.johnlarkin.OdysseyTests;
				PRODUCT_NAME = "$(TARGET_NAME)";
				SWIFT_EMIT_LOC_STRINGS = NO;
				SWIFT_VERSION = 5.0;
				TARGETED_DEVICE_FAMILY = "1,2";
				TEST_HOST = "$(BUILT_PRODUCTS_DIR)/Odyssey.app/$(BUNDLE_EXECUTABLE_FOLDER_PATH)/Odyssey";
			};
			name = Debug;
		};
		5FAFBC342B49E1A90018504E /* Release */ = {
			isa = XCBuildConfiguration;
			buildSettings = {
				ALWAYS_EMBED_SWIFT_STANDARD_LIBRARIES = YES;
				BUNDLE_LOADER = "$(TEST_HOST)";
				CODE_SIGN_STYLE = Automatic;
				CURRENT_PROJECT_VERSION = 1;
				DEVELOPMENT_TEAM = P3Q6VLD666;
				GENERATE_INFOPLIST_FILE = YES;
				IPHONEOS_DEPLOYMENT_TARGET = 16.0;
				MARKETING_VERSION = 1.0;
				PRODUCT_BUNDLE_IDENTIFIER = com.johnlarkin.OdysseyTests;
				PRODUCT_NAME = "$(TARGET_NAME)";
				SWIFT_EMIT_LOC_STRINGS = NO;
				SWIFT_VERSION = 5.0;
				TARGETED_DEVICE_FAMILY = "1,2";
				TEST_HOST = "$(BUILT_PRODUCTS_DIR)/Odyssey.app/$(BUNDLE_EXECUTABLE_FOLDER_PATH)/Odyssey";
			};
			name = Release;
		};
		5FAFBC362B49E1A90018504E /* Debug */ = {
			isa = XCBuildConfiguration;
			buildSettings = {
				ALWAYS_EMBED_SWIFT_STANDARD_LIBRARIES = YES;
				CODE_SIGN_STYLE = Automatic;
				CURRENT_PROJECT_VERSION = 1;
				DEVELOPMENT_TEAM = P3Q6VLD666;
				GENERATE_INFOPLIST_FILE = YES;
				MARKETING_VERSION = 1.0;
				PRODUCT_BUNDLE_IDENTIFIER = com.johnlarkin.OdysseyUITests;
				PRODUCT_NAME = "$(TARGET_NAME)";
				SWIFT_EMIT_LOC_STRINGS = NO;
				SWIFT_VERSION = 5.0;
				TARGETED_DEVICE_FAMILY = "1,2";
				TEST_TARGET_NAME = Odyssey;
			};
			name = Debug;
		};
		5FAFBC372B49E1A90018504E /* Release */ = {
			isa = XCBuildConfiguration;
			buildSettings = {
				ALWAYS_EMBED_SWIFT_STANDARD_LIBRARIES = YES;
				CODE_SIGN_STYLE = Automatic;
				CURRENT_PROJECT_VERSION = 1;
				DEVELOPMENT_TEAM = P3Q6VLD666;
				GENERATE_INFOPLIST_FILE = YES;
				MARKETING_VERSION = 1.0;
				PRODUCT_BUNDLE_IDENTIFIER = com.johnlarkin.OdysseyUITests;
				PRODUCT_NAME = "$(TARGET_NAME)";
				SWIFT_EMIT_LOC_STRINGS = NO;
				SWIFT_VERSION = 5.0;
				TARGETED_DEVICE_FAMILY = "1,2";
				TEST_TARGET_NAME = Odyssey;
			};
			name = Release;
		};
/* End XCBuildConfiguration section */

/* Begin XCConfigurationList section */
		5FAFBC012B49E1A60018504E /* Build configuration list for PBXProject "Odyssey" */ = {
			isa = XCConfigurationList;
			buildConfigurations = (
				5FAFBC2D2B49E1A90018504E /* Debug */,
				5FAFBC2E2B49E1A90018504E /* Release */,
			);
			defaultConfigurationIsVisible = 0;
			defaultConfigurationName = Release;
		};
		5FAFBC2F2B49E1A90018504E /* Build configuration list for PBXNativeTarget "Odyssey" */ = {
			isa = XCConfigurationList;
			buildConfigurations = (
				5FAFBC302B49E1A90018504E /* Debug */,
				5FAFBC312B49E1A90018504E /* Release */,
			);
			defaultConfigurationIsVisible = 0;
			defaultConfigurationName = Release;
		};
		5FAFBC322B49E1A90018504E /* Build configuration list for PBXNativeTarget "OdysseyTests" */ = {
			isa = XCConfigurationList;
			buildConfigurations = (
				5FAFBC332B49E1A90018504E /* Debug */,
				5FAFBC342B49E1A90018504E /* Release */,
			);
			defaultConfigurationIsVisible = 0;
			defaultConfigurationName = Release;
		};
		5FAFBC352B49E1A90018504E /* Build configuration list for PBXNativeTarget "OdysseyUITests" */ = {
			isa = XCConfigurationList;
			buildConfigurations = (
				5FAFBC362B49E1A90018504E /* Debug */,
				5FAFBC372B49E1A90018504E /* Release */,
			);
			defaultConfigurationIsVisible = 0;
			defaultConfigurationName = Release;
		};
/* End XCConfigurationList section */

/* Begin XCVersionGroup section */
		5FAFBC142B49E1A80018504E /* Odyssey.xcdatamodeld */ = {
			isa = XCVersionGroup;
			children = (
				5FAFBC152B49E1A80018504E /* Odyssey.xcdatamodel */,
			);
			currentVersion = 5FAFBC152B49E1A80018504E /* Odyssey.xcdatamodel */;
			path = Odyssey.xcdatamodeld;
			sourceTree = "<group>";
			versionGroupType = wrapper.xcdatamodel;
		};
/* End XCVersionGroup section */
	};
	rootObject = 5FAFBBFE2B49E1A60018504E /* Project object */;
}
