// !$*UTF8*$!
{
	archiveVersion = 1;
	classes = {
	};
	objectVersion = 56;
	objects = {

/* Begin PBXBuildFile section */
		0814E118C935327B73A83396 /* MoodTrendView.swift in Sources */ = {isa = PBXBuildFile; fileRef = 5F457139C6883C57D07C0CBD /* MoodTrendView.swift */; };
		089D6029B282479BACA6A7A7 /* WinPromptCard.swift in Sources */ = {isa = PBXBuildFile; fileRef = 13C816AE44BFB4E0BF62A149 /* WinPromptCard.swift */; };
		0F21CBFC1793A2C01C5880D0 /* SampleData.swift in Sources */ = {isa = PBXBuildFile; fileRef = 404E7870D5E38DE543E0ED2C /* SampleData.swift */; };
		13CDB25508C558905357DB09 /* DateRangePicker.swift in Sources */ = {isa = PBXBuildFile; fileRef = 046380EAD84D6A25DCE661D6 /* DateRangePicker.swift */; };
		188B6B4AB58EF6A705ADA193 /* ColorPaletteView.swift in Sources */ = {isa = PBXBuildFile; fileRef = A6E921B1A796352D0DC2F16E /* ColorPaletteView.swift */; };
		196EDC5E0A4A1F5E3D4824BF /* SwiftData.framework in Frameworks */ = {isa = PBXBuildFile; fileRef = 3B57580EEAF4DD471350BCFE /* SwiftData.framework */; };
		1EB889A4FCA3B9F0E06DCB27 /* MoodPromptCard.swift in Sources */ = {isa = PBXBuildFile; fileRef = 9A031525A5FC924473BEECBB /* MoodPromptCard.swift */; };
		21BAF14AD79C48DC9B558A24 /* PromptResponses.swift in Sources */ = {isa = PBXBuildFile; fileRef = 4E0E78DC1B6B94D9A9D78AB2 /* PromptResponses.swift */; };
		27241EE143C7E3E2C42F0F97 /* InsightCard.swift in Sources */ = {isa = PBXBuildFile; fileRef = E40EA6B9C8DAA6C8610945BB /* InsightCard.swift */; };
		28116A7F43066FFE82A170CA /* JournalViewModel.swift in Sources */ = {isa = PBXBuildFile; fileRef = 5F47CA2315DEC2DCC4804FD0 /* JournalViewModel.swift */; };
		403B0A5F4F972B5C9E96BAD6 /* ShareableCardRenderer.swift in Sources */ = {isa = PBXBuildFile; fileRef = BA1BE678DC5FD26071896478 /* ShareableCardRenderer.swift */; };
		40576AD79C5CB6CD02CE9177 /* InsightsViewModel.swift in Sources */ = {isa = PBXBuildFile; fileRef = 292434A69490374EABCAAC1B /* InsightsViewModel.swift */; };
		46F1A2AACDD5CA46BC33898E /* GuidedPromptFlowView.swift in Sources */ = {isa = PBXBuildFile; fileRef = 9CE7A57F5FBA850A62A7FC2A /* GuidedPromptFlowView.swift */; };
		4C893547D54BAC5571387BE2 /* ReviewWordsCard.swift in Sources */ = {isa = PBXBuildFile; fileRef = 220CFBB95F0E82E3681E14B0 /* ReviewWordsCard.swift */; };
		4ECCE2DC9ADB7BDAB7B2E6FB /* TensionPromptCard.swift in Sources */ = {isa = PBXBuildFile; fileRef = 85AA8AAEB7A435084C23ECD6 /* TensionPromptCard.swift */; };
		50F88DE0F085B5AF37AFAF0E /* ReviewColorsCard.swift in Sources */ = {isa = PBXBuildFile; fileRef = 25A7F206495740519BC1F73D /* ReviewColorsCard.swift */; };
		5357B991376AA0AA67ABEC2C /* GuidedPromptViewModel.swift in Sources */ = {isa = PBXBuildFile; fileRef = 10C33226E46E079F8BB989E1 /* GuidedPromptViewModel.swift */; };
		592426C5C07D0F9D17078DAC /* PromptStep.swift in Sources */ = {isa = PBXBuildFile; fileRef = 5DAA03677F50ED2C50A8140C /* PromptStep.swift */; };
		5C0011028551AE348DFCB905 /* ScreenTimeDataExtractor.swift in Sources */ = {isa = PBXBuildFile; fileRef = 83A3FEE0129740CFD3D3A1FE /* ScreenTimeDataExtractor.swift */; };
		5F2B9D85498D1A1F1FACE2B0 /* SharedDefaults.swift in Sources */ = {isa = PBXBuildFile; fileRef = 638F8D021F793E5A525CF7AB /* SharedDefaults.swift */; };
		5F96AA732B49FD6600999B84 /* Lottie in Frameworks */ = {isa = PBXBuildFile; productRef = 5F96AA722B49FD6600999B84 /* Lottie */; };
		5F96AA762B49FE9600999B84 /* rotating_earth.json in Resources */ = {isa = PBXBuildFile; fileRef = 5F96AA752B49FE9500999B84 /* rotating_earth.json */; };
		5F96AA792B4A07B600999B84 /* DailyEntryViewModel.swift in Sources */ = {isa = PBXBuildFile; fileRef = 5F96AA782B4A07B600999B84 /* DailyEntryViewModel.swift */; };
		5F96AA7C2B4A09E700999B84 /* UIColor+Extensions.swift in Sources */ = {isa = PBXBuildFile; fileRef = 5F96AA7B2B4A09E700999B84 /* UIColor+Extensions.swift */; };
		5F96AA802B4A0E7700999B84 /* OdysseyAppDelegate.swift in Sources */ = {isa = PBXBuildFile; fileRef = 5F96AA7F2B4A0E7700999B84 /* OdysseyAppDelegate.swift */; };
		5F96AA882B4C30AD00999B84 /* ScreenTimeSelectAppsModel.swift in Sources */ = {isa = PBXBuildFile; fileRef = 5F96AA872B4C30AD00999B84 /* ScreenTimeSelectAppsModel.swift */; };
		5F96AA8A2B4C310800999B84 /* ScreenTimeSelectAppsContentView.swift in Sources */ = {isa = PBXBuildFile; fileRef = 5F96AA892B4C310800999B84 /* ScreenTimeSelectAppsContentView.swift */; };
		5F96AAA72B4C38DD00999B84 /* DeviceActivity.framework in Frameworks */ = {isa = PBXBuildFile; fileRef = 5F96AAA62B4C38DD00999B84 /* DeviceActivity.framework */; };
		5F96AAAA2B4C38DD00999B84 /* DeviceActivityMonitorExtension.swift in Sources */ = {isa = PBXBuildFile; fileRef = 5F96AAA92B4C38DD00999B84 /* DeviceActivityMonitorExtension.swift */; };
		5F96AAAF2B4C38DD00999B84 /* OdysseyDeviceActivityMonitor.appex in Embed Foundation Extensions */ = {isa = PBXBuildFile; fileRef = 5F96AAA42B4C38DD00999B84 /* OdysseyDeviceActivityMonitor.appex */; settings = {ATTRIBUTES = (RemoveHeadersOnCopy, ); }; };
		5F96AABB2B4C410D00999B84 /* OdysseyDeviceActivityReport.swift in Sources */ = {isa = PBXBuildFile; fileRef = 5F96AABA2B4C410D00999B84 /* OdysseyDeviceActivityReport.swift */; };
		5F96AABD2B4C410D00999B84 /* TotalActivityReport.swift in Sources */ = {isa = PBXBuildFile; fileRef = 5F96AABC2B4C410D00999B84 /* TotalActivityReport.swift */; };
		5F96AABF2B4C410D00999B84 /* TotalActivityView.swift in Sources */ = {isa = PBXBuildFile; fileRef = 5F96AABE2B4C410D00999B84 /* TotalActivityView.swift */; };
		5F96AAC42B4C410D00999B84 /* OdysseyDeviceActivityReport.appex in Embed ExtensionKit Extensions */ = {isa = PBXBuildFile; fileRef = 5F96AAB82B4C410D00999B84 /* OdysseyDeviceActivityReport.appex */; settings = {ATTRIBUTES = (RemoveHeadersOnCopy, ); }; };
		5FAFBC0A2B49E1A60018504E /* OdysseyApp.swift in Sources */ = {isa = PBXBuildFile; fileRef = 5FAFBC092B49E1A60018504E /* OdysseyApp.swift */; };
		5FAFBC0C2B49E1A60018504E /* ContentView.swift in Sources */ = {isa = PBXBuildFile; fileRef = 5FAFBC0B2B49E1A60018504E /* ContentView.swift */; };
		5FAFBC0E2B49E1A80018504E /* Assets.xcassets in Resources */ = {isa = PBXBuildFile; fileRef = 5FAFBC0D2B49E1A80018504E /* Assets.xcassets */; };
		5FAFBC112B49E1A80018504E /* Preview Assets.xcassets in Resources */ = {isa = PBXBuildFile; fileRef = 5FAFBC102B49E1A80018504E /* Preview Assets.xcassets */; };
		5FAFBC162B49E1A80018504E /* Odyssey.xcdatamodeld in Sources */ = {isa = PBXBuildFile; fileRef = 5FAFBC142B49E1A80018504E /* Odyssey.xcdatamodeld */; };
		5FAFBC202B49E1A80018504E /* OdysseyTests.swift in Sources */ = {isa = PBXBuildFile; fileRef = 5FAFBC1F2B49E1A80018504E /* OdysseyTests.swift */; };
		5FAFBC2A2B49E1A80018504E /* OdysseyUITests.swift in Sources */ = {isa = PBXBuildFile; fileRef = 5FAFBC292B49E1A80018504E /* OdysseyUITests.swift */; };
		5FAFBC2C2B49E1A80018504E /* OdysseyUITestsLaunchTests.swift in Sources */ = {isa = PBXBuildFile; fileRef = 5FAFBC2B2B49E1A80018504E /* OdysseyUITestsLaunchTests.swift */; };
		5FAFBC482B49F70B0018504E /* LottieView.swift in Sources */ = {isa = PBXBuildFile; fileRef = 5FAFBC472B49F70B0018504E /* LottieView.swift */; };
		5FC58CD194D220AFA863E3D8 /* JournalEntryDetailView.swift in Sources */ = {isa = PBXBuildFile; fileRef = 2602055E4D1CCA4D9E95B851 /* JournalEntryDetailView.swift */; };
		61A069149CC6DEB6E87BDE4A /* ReviewSleepCard.swift in Sources */ = {isa = PBXBuildFile; fileRef = 6CE8ACA4DCC1F853372C093F /* ReviewSleepCard.swift */; };
		65C3C13A303A0D81A2B26DF4 /* YearInReviewView.swift in Sources */ = {isa = PBXBuildFile; fileRef = ADA0855F12557962C12FD4FF /* YearInReviewView.swift */; };
		6C8DC5973DC4574CDAEEAC80 /* BackgroundSnapshotService.swift in Sources */ = {isa = PBXBuildFile; fileRef = 8A90B323B0F5900D138A2D16 /* BackgroundSnapshotService.swift */; };
		6DCF3B5C509F071495918097 /* DataContainer.swift in Sources */ = {isa = PBXBuildFile; fileRef = 80C7606A98FD1FA124B59887 /* DataContainer.swift */; };
		79378CBAC6C58FC4548F98DE /* PromptNavigationBar.swift in Sources */ = {isa = PBXBuildFile; fileRef = BA225FCEB3893F396EEFEE89 /* PromptNavigationBar.swift */; };
		7A7B26F8DE880B36FF4F898B /* DrinksPromptCard.swift in Sources */ = {isa = PBXBuildFile; fileRef = 812204442C574F4378F19004 /* DrinksPromptCard.swift */; };
		822F78BE1AD426A561B2BC04 /* ReviewGratitudeCard.swift in Sources */ = {isa = PBXBuildFile; fileRef = 165EDD761F9641FEF21F3CC7 /* ReviewGratitudeCard.swift */; };
		869F89CC56B7FAEEAF4BB75C /* HealthKitService.swift in Sources */ = {isa = PBXBuildFile; fileRef = 2E95936DF27D22BD4FC4B7E4 /* HealthKitService.swift */; };
		86BDF8A797CD83C002B16678 /* TodayView.swift in Sources */ = {isa = PBXBuildFile; fileRef = 3BC146E7E0CF885A599B5E88 /* TodayView.swift */; };
		89805BC9F9F1C5CFE716DB0B /* ReviewMapCard.swift in Sources */ = {isa = PBXBuildFile; fileRef = 7E88DCD841591635A3FA87CB /* ReviewMapCard.swift */; };
		8D2B0A82E9B4037CE7D29FA7 /* GratitudePromptCard.swift in Sources */ = {isa = PBXBuildFile; fileRef = 2C436272BF01B19F60611B86 /* GratitudePromptCard.swift */; };
		95BE5EB49EFE4AC404ECCCFD /* Color+Extensions.swift in Sources */ = {isa = PBXBuildFile; fileRef = 402708781F1405891D5F4C0D /* Color+Extensions.swift */; };
		9D95C5E6C6660F1BE5C4B734 /* LocationCaptureService.swift in Sources */ = {isa = PBXBuildFile; fileRef = DB343ACF8CB79A156682C1FB /* LocationCaptureService.swift */; };
		9EA53D310D40CFEBA088822D /* ProfileView.swift in Sources */ = {isa = PBXBuildFile; fileRef = EACD1AF7614D69F2DEDCF73C /* ProfileView.swift */; };
		A2208286244EE8D17116DCAA /* ReviewBestDayCard.swift in Sources */ = {isa = PBXBuildFile; fileRef = BBC6E83295929A28AAC6929A /* ReviewBestDayCard.swift */; };
		A94CC4B44A3E708D97B183D5 /* ReviewMoodCard.swift in Sources */ = {isa = PBXBuildFile; fileRef = 97569FD9C2589433BE90F633 /* ReviewMoodCard.swift */; };
		AA99254DAC3D8CFE03004404 /* TodayEntryStatusCard.swift in Sources */ = {isa = PBXBuildFile; fileRef = 5A37458B27DCD39C80655FBD /* TodayEntryStatusCard.swift */; };
		AB8D49FB59B1F5B518D76BBD /* MapVisualizationView.swift in Sources */ = {isa = PBXBuildFile; fileRef = 2827F5D60870DE3D25E38D6B /* MapVisualizationView.swift */; };
		B41F40A443668C0907C85285 /* PromptCardContainer.swift in Sources */ = {isa = PBXBuildFile; fileRef = 25CC841292320D80C1A2C260 /* PromptCardContainer.swift */; };
		BB7CE12E77673D9BA711ADA5 /* JournalCalendarView.swift in Sources */ = {isa = PBXBuildFile; fileRef = E9B705FB6F2CC3B61A28E077 /* JournalCalendarView.swift */; };
		BED82C002853A9359A931665 /* JournalPromptCard.swift in Sources */ = {isa = PBXBuildFile; fileRef = 9D5F4E571066024E60EE64E5 /* JournalPromptCard.swift */; };
		C331762F3E3996974A75CA73 /* FeelingPromptCard.swift in Sources */ = {isa = PBXBuildFile; fileRef = 5357AA89DC0B9F0A1AE8A7CF /* FeelingPromptCard.swift */; };
		C373E54A99C45BDD2C9DF796 /* SleepPromptCard.swift in Sources */ = {isa = PBXBuildFile; fileRef = 13ACE846C6B5FF3EC4B1E5D9 /* SleepPromptCard.swift */; };
		CA582EF0550D60C1E7725250 /* ReviewClosingCard.swift in Sources */ = {isa = PBXBuildFile; fileRef = 277D46908C15A1028CE2AA83 /* ReviewClosingCard.swift */; };
		CC4960D1CF90D6B6193843DC /* DailyEntry.swift in Sources */ = {isa = PBXBuildFile; fileRef = 7B5A24DCDFF0718CA1E70E5B /* DailyEntry.swift */; };
		CE189EF5937CCCF78B31F891 /* StreakView.swift in Sources */ = {isa = PBXBuildFile; fileRef = 04DD2513DE2308EC6DCBAA4C /* StreakView.swift */; };
		CF3339ADAB86B293A60EAD64 /* InsightsDashboardView.swift in Sources */ = {isa = PBXBuildFile; fileRef = 26320E40541186488A825EA6 /* InsightsDashboardView.swift */; };
		CFD4121282DB9533E2966630 /* YearInReviewService.swift in Sources */ = {isa = PBXBuildFile; fileRef = 1F2DA7F5A277B3D36139F196 /* YearInReviewService.swift */; };
		D95054E9A668B4DC465E3D51 /* ReviewEntryCountCard.swift in Sources */ = {isa = PBXBuildFile; fileRef = 8497276BABC8DDC87DB8C2A8 /* ReviewEntryCountCard.swift */; };
		DB892BA8245D80483C1616B3 /* JournalView.swift in Sources */ = {isa = PBXBuildFile; fileRef = 7EFC9E1EE4EA2298D44CB813 /* JournalView.swift */; };
		DCFF53CA8A71C2821D419A77 /* PromptProgressBar.swift in Sources */ = {isa = PBXBuildFile; fileRef = 20FBEA1FBB6F97D9470A1A33 /* PromptProgressBar.swift */; };
		DD5D9E4B98511AF942D08EC9 /* HealthKit.framework in Frameworks */ = {isa = PBXBuildFile; fileRef = E72678E81212E7CFB2CF8AA8 /* HealthKit.framework */; };
		E4A2E9C2219FD4DFEFD15F17 /* ReviewTitleCard.swift in Sources */ = {isa = PBXBuildFile; fileRef = DB6A88E8244B730D7D27C7E8 /* ReviewTitleCard.swift */; };
		E51C5D58A81FAA85D118A4C6 /* AnimatedCounter.swift in Sources */ = {isa = PBXBuildFile; fileRef = 9FB7114F962B90CD63A24D6E /* AnimatedCounter.swift */; };
		E8D334533BE7C377C480D6EE /* MoodIndicator.swift in Sources */ = {isa = PBXBuildFile; fileRef = C2DD8A18D7C6C4E7E6C3BD73 /* MoodIndicator.swift */; };
		EAC3D92FB78A015CDBF03AFA /* YearInReviewViewModel.swift in Sources */ = {isa = PBXBuildFile; fileRef = 81868973E39D9AF68D1C4E7A /* YearInReviewViewModel.swift */; };
		F1057D5C62AEFC256406AD3A /* SingleLocationDelegate.swift in Sources */ = {isa = PBXBuildFile; fileRef = AF44E24756450498E15BBCA3 /* SingleLocationDelegate.swift */; };
		F6B0C354AD19D6E7FB5A0CDD /* MainTabView.swift in Sources */ = {isa = PBXBuildFile; fileRef = C635C49F97ED57570F72EFF6 /* MainTabView.swift */; };
		F7CC992FA7FF57D5436CCFA9 /* Date+Extensions.swift in Sources */ = {isa = PBXBuildFile; fileRef = 0CF1B775171B8B1088908791 /* Date+Extensions.swift */; };
		F9DC2068C8594F0A5ABF0E7D /* WordCloudView.swift in Sources */ = {isa = PBXBuildFile; fileRef = D167085E6095764E803C5AF7 /* WordCloudView.swift */; };
		F9FFBCC60597E2412FA6220C /* DailyEntry+Computed.swift in Sources */ = {isa = PBXBuildFile; fileRef = 4D0D7FE6859B631359A8FC77 /* DailyEntry+Computed.swift */; };
		FA6C21484F83845F417763B0 /* CalendarHeatmapView.swift in Sources */ = {isa = PBXBuildFile; fileRef = 9A5E80FEF87628B3A56F7DDB /* CalendarHeatmapView.swift */; };
		FB9339CF5117A006B134CC83 /* CompletionCard.swift in Sources */ = {isa = PBXBuildFile; fileRef = EF6477F0BFB8A770D8D6821B /* CompletionCard.swift */; };
/* End PBXBuildFile section */

/* Begin PBXContainerItemProxy section */
		5F96AAAD2B4C38DD00999B84 /* PBXContainerItemProxy */ = {
			isa = PBXContainerItemProxy;
			containerPortal = 5FAFBBFE2B49E1A60018504E /* Project object */;
			proxyType = 1;
			remoteGlobalIDString = 5F96AAA32B4C38DD00999B84;
			remoteInfo = OdysseyDeviceActivityMonitor;
		};
		5F96AAC22B4C410D00999B84 /* PBXContainerItemProxy */ = {
			isa = PBXContainerItemProxy;
			containerPortal = 5FAFBBFE2B49E1A60018504E /* Project object */;
			proxyType = 1;
			remoteGlobalIDString = 5F96AAB72B4C410D00999B84;
			remoteInfo = OdysseyDeviceActivityReport;
		};
		5FAFBC1C2B49E1A80018504E /* PBXContainerItemProxy */ = {
			isa = PBXContainerItemProxy;
			containerPortal = 5FAFBBFE2B49E1A60018504E /* Project object */;
			proxyType = 1;
			remoteGlobalIDString = 5FAFBC052B49E1A60018504E;
			remoteInfo = Odyssey;
		};
		5FAFBC262B49E1A80018504E /* PBXContainerItemProxy */ = {
			isa = PBXContainerItemProxy;
			containerPortal = 5FAFBBFE2B49E1A60018504E /* Project object */;
			proxyType = 1;
			remoteGlobalIDString = 5FAFBC052B49E1A60018504E;
			remoteInfo = Odyssey;
		};
/* End PBXContainerItemProxy section */

/* Begin PBXCopyFilesBuildPhase section */
		5F96AA9F2B4C36AA00999B84 /* Embed ExtensionKit Extensions */ = {
			isa = PBXCopyFilesBuildPhase;
			buildActionMask = 2147483647;
			dstPath = "$(EXTENSIONS_FOLDER_PATH)";
			dstSubfolderSpec = 16;
			files = (
				5F96AAC42B4C410D00999B84 /* OdysseyDeviceActivityReport.appex in Embed ExtensionKit Extensions */,
			);
			name = "Embed ExtensionKit Extensions";
			runOnlyForDeploymentPostprocessing = 0;
		};
		5F96AAB32B4C38DD00999B84 /* Embed Foundation Extensions */ = {
			isa = PBXCopyFilesBuildPhase;
			buildActionMask = 2147483647;
			dstPath = "";
			dstSubfolderSpec = 13;
			files = (
				5F96AAAF2B4C38DD00999B84 /* OdysseyDeviceActivityMonitor.appex in Embed Foundation Extensions */,
			);
			name = "Embed Foundation Extensions";
			runOnlyForDeploymentPostprocessing = 0;
		};
/* End PBXCopyFilesBuildPhase section */

/* Begin PBXFileReference section */
		046380EAD84D6A25DCE661D6 /* DateRangePicker.swift */ = {isa = PBXFileReference; includeInIndex = 1; lastKnownFileType = sourcecode.swift; path = DateRangePicker.swift; sourceTree = "<group>"; };
		04DD2513DE2308EC6DCBAA4C /* StreakView.swift */ = {isa = PBXFileReference; includeInIndex = 1; lastKnownFileType = sourcecode.swift; path = StreakView.swift; sourceTree = "<group>"; };
		0CF1B775171B8B1088908791 /* Date+Extensions.swift */ = {isa = PBXFileReference; includeInIndex = 1; lastKnownFileType = sourcecode.swift; path = "Date+Extensions.swift"; sourceTree = "<group>"; };
		10C33226E46E079F8BB989E1 /* GuidedPromptViewModel.swift */ = {isa = PBXFileReference; includeInIndex = 1; lastKnownFileType = sourcecode.swift; path = GuidedPromptViewModel.swift; sourceTree = "<group>"; };
		13ACE846C6B5FF3EC4B1E5D9 /* SleepPromptCard.swift */ = {isa = PBXFileReference; includeInIndex = 1; lastKnownFileType = sourcecode.swift; path = SleepPromptCard.swift; sourceTree = "<group>"; };
		13C816AE44BFB4E0BF62A149 /* WinPromptCard.swift */ = {isa = PBXFileReference; includeInIndex = 1; lastKnownFileType = sourcecode.swift; path = WinPromptCard.swift; sourceTree = "<group>"; };
		165EDD761F9641FEF21F3CC7 /* ReviewGratitudeCard.swift */ = {isa = PBXFileReference; includeInIndex = 1; lastKnownFileType = sourcecode.swift; path = ReviewGratitudeCard.swift; sourceTree = "<group>"; };
		1F2DA7F5A277B3D36139F196 /* YearInReviewService.swift */ = {isa = PBXFileReference; includeInIndex = 1; lastKnownFileType = sourcecode.swift; path = YearInReviewService.swift; sourceTree = "<group>"; };
		20FBEA1FBB6F97D9470A1A33 /* PromptProgressBar.swift */ = {isa = PBXFileReference; includeInIndex = 1; lastKnownFileType = sourcecode.swift; path = PromptProgressBar.swift; sourceTree = "<group>"; };
		220CFBB95F0E82E3681E14B0 /* ReviewWordsCard.swift */ = {isa = PBXFileReference; includeInIndex = 1; lastKnownFileType = sourcecode.swift; path = ReviewWordsCard.swift; sourceTree = "<group>"; };
		25A7F206495740519BC1F73D /* ReviewColorsCard.swift */ = {isa = PBXFileReference; includeInIndex = 1; lastKnownFileType = sourcecode.swift; path = ReviewColorsCard.swift; sourceTree = "<group>"; };
		25CC841292320D80C1A2C260 /* PromptCardContainer.swift */ = {isa = PBXFileReference; includeInIndex = 1; lastKnownFileType = sourcecode.swift; path = PromptCardContainer.swift; sourceTree = "<group>"; };
		2602055E4D1CCA4D9E95B851 /* JournalEntryDetailView.swift */ = {isa = PBXFileReference; includeInIndex = 1; lastKnownFileType = sourcecode.swift; path = JournalEntryDetailView.swift; sourceTree = "<group>"; };
		26320E40541186488A825EA6 /* InsightsDashboardView.swift */ = {isa = PBXFileReference; includeInIndex = 1; lastKnownFileType = sourcecode.swift; path = InsightsDashboardView.swift; sourceTree = "<group>"; };
		277D46908C15A1028CE2AA83 /* ReviewClosingCard.swift */ = {isa = PBXFileReference; includeInIndex = 1; lastKnownFileType = sourcecode.swift; path = ReviewClosingCard.swift; sourceTree = "<group>"; };
		2827F5D60870DE3D25E38D6B /* MapVisualizationView.swift */ = {isa = PBXFileReference; includeInIndex = 1; lastKnownFileType = sourcecode.swift; path = MapVisualizationView.swift; sourceTree = "<group>"; };
		292434A69490374EABCAAC1B /* InsightsViewModel.swift */ = {isa = PBXFileReference; includeInIndex = 1; lastKnownFileType = sourcecode.swift; path = InsightsViewModel.swift; sourceTree = "<group>"; };
		2C436272BF01B19F60611B86 /* GratitudePromptCard.swift */ = {isa = PBXFileReference; includeInIndex = 1; lastKnownFileType = sourcecode.swift; path = GratitudePromptCard.swift; sourceTree = "<group>"; };
		2E95936DF27D22BD4FC4B7E4 /* HealthKitService.swift */ = {isa = PBXFileReference; includeInIndex = 1; lastKnownFileType = sourcecode.swift; path = HealthKitService.swift; sourceTree = "<group>"; };
		3B57580EEAF4DD471350BCFE /* SwiftData.framework */ = {isa = PBXFileReference; lastKnownFileType = wrapper.framework; name = SwiftData.framework; path = System/Library/Frameworks/SwiftData.framework; sourceTree = SDKROOT; };
		3BC146E7E0CF885A599B5E88 /* TodayView.swift */ = {isa = PBXFileReference; includeInIndex = 1; lastKnownFileType = sourcecode.swift; path = TodayView.swift; sourceTree = "<group>"; };
		402708781F1405891D5F4C0D /* Color+Extensions.swift */ = {isa = PBXFileReference; includeInIndex = 1; lastKnownFileType = sourcecode.swift; path = "Color+Extensions.swift"; sourceTree = "<group>"; };
		404E7870D5E38DE543E0ED2C /* SampleData.swift */ = {isa = PBXFileReference; includeInIndex = 1; lastKnownFileType = sourcecode.swift; path = SampleData.swift; sourceTree = "<group>"; };
		4D0D7FE6859B631359A8FC77 /* DailyEntry+Computed.swift */ = {isa = PBXFileReference; includeInIndex = 1; lastKnownFileType = sourcecode.swift; path = "DailyEntry+Computed.swift"; sourceTree = "<group>"; };
		4E0E78DC1B6B94D9A9D78AB2 /* PromptResponses.swift */ = {isa = PBXFileReference; includeInIndex = 1; lastKnownFileType = sourcecode.swift; path = PromptResponses.swift; sourceTree = "<group>"; };
		5357AA89DC0B9F0A1AE8A7CF /* FeelingPromptCard.swift */ = {isa = PBXFileReference; includeInIndex = 1; lastKnownFileType = sourcecode.swift; path = FeelingPromptCard.swift; sourceTree = "<group>"; };
		5A37458B27DCD39C80655FBD /* TodayEntryStatusCard.swift */ = {isa = PBXFileReference; includeInIndex = 1; lastKnownFileType = sourcecode.swift; path = TodayEntryStatusCard.swift; sourceTree = "<group>"; };
		5DAA03677F50ED2C50A8140C /* PromptStep.swift */ = {isa = PBXFileReference; includeInIndex = 1; lastKnownFileType = sourcecode.swift; path = PromptStep.swift; sourceTree = "<group>"; };
		5F457139C6883C57D07C0CBD /* MoodTrendView.swift */ = {isa = PBXFileReference; includeInIndex = 1; lastKnownFileType = sourcecode.swift; path = MoodTrendView.swift; sourceTree = "<group>"; };
		5F47CA2315DEC2DCC4804FD0 /* JournalViewModel.swift */ = {isa = PBXFileReference; includeInIndex = 1; lastKnownFileType = sourcecode.swift; path = JournalViewModel.swift; sourceTree = "<group>"; };
		5F96AA752B49FE9500999B84 /* rotating_earth.json */ = {isa = PBXFileReference; fileEncoding = 4; lastKnownFileType = text.json; path = rotating_earth.json; sourceTree = "<group>"; };
		5F96AA782B4A07B600999B84 /* DailyEntryViewModel.swift */ = {isa = PBXFileReference; lastKnownFileType = sourcecode.swift; path = DailyEntryViewModel.swift; sourceTree = "<group>"; };
		5F96AA7B2B4A09E700999B84 /* UIColor+Extensions.swift */ = {isa = PBXFileReference; lastKnownFileType = sourcecode.swift; path = "UIColor+Extensions.swift"; sourceTree = "<group>"; };
		5F96AA7F2B4A0E7700999B84 /* OdysseyAppDelegate.swift */ = {isa = PBXFileReference; lastKnownFileType = sourcecode.swift; path = OdysseyAppDelegate.swift; sourceTree = "<group>"; };
		5F96AA842B4A105B00999B84 /* Info.plist */ = {isa = PBXFileReference; lastKnownFileType = text.plist; path = Info.plist; sourceTree = "<group>"; };
		5F96AA862B4C2EC200999B84 /* Odyssey.entitlements */ = {isa = PBXFileReference; lastKnownFileType = text.plist.entitlements; path = Odyssey.entitlements; sourceTree = "<group>"; };
		5F96AA872B4C30AD00999B84 /* ScreenTimeSelectAppsModel.swift */ = {isa = PBXFileReference; lastKnownFileType = sourcecode.swift; path = ScreenTimeSelectAppsModel.swift; sourceTree = "<group>"; };
		5F96AA892B4C310800999B84 /* ScreenTimeSelectAppsContentView.swift */ = {isa = PBXFileReference; lastKnownFileType = sourcecode.swift; path = ScreenTimeSelectAppsContentView.swift; sourceTree = "<group>"; };
		5F96AAA42B4C38DD00999B84 /* OdysseyDeviceActivityMonitor.appex */ = {isa = PBXFileReference; explicitFileType = "wrapper.app-extension"; includeInIndex = 0; path = OdysseyDeviceActivityMonitor.appex; sourceTree = BUILT_PRODUCTS_DIR; };
		5F96AAA62B4C38DD00999B84 /* DeviceActivity.framework */ = {isa = PBXFileReference; lastKnownFileType = wrapper.framework; name = DeviceActivity.framework; path = System/Library/Frameworks/DeviceActivity.framework; sourceTree = SDKROOT; };
		5F96AAA92B4C38DD00999B84 /* DeviceActivityMonitorExtension.swift */ = {isa = PBXFileReference; lastKnownFileType = sourcecode.swift; path = DeviceActivityMonitorExtension.swift; sourceTree = "<group>"; };
		5F96AAAB2B4C38DD00999B84 /* Info.plist */ = {isa = PBXFileReference; lastKnownFileType = text.plist.xml; path = Info.plist; sourceTree = "<group>"; };
		5F96AAAC2B4C38DD00999B84 /* OdysseyDeviceActivityMonitor.entitlements */ = {isa = PBXFileReference; lastKnownFileType = text.plist.entitlements; path = OdysseyDeviceActivityMonitor.entitlements; sourceTree = "<group>"; };
		5F96AAB82B4C410D00999B84 /* OdysseyDeviceActivityReport.appex */ = {isa = PBXFileReference; explicitFileType = "wrapper.extensionkit-extension"; includeInIndex = 0; path = OdysseyDeviceActivityReport.appex; sourceTree = BUILT_PRODUCTS_DIR; };
		5F96AABA2B4C410D00999B84 /* OdysseyDeviceActivityReport.swift */ = {isa = PBXFileReference; lastKnownFileType = sourcecode.swift; path = OdysseyDeviceActivityReport.swift; sourceTree = "<group>"; };
		5F96AABC2B4C410D00999B84 /* TotalActivityReport.swift */ = {isa = PBXFileReference; lastKnownFileType = sourcecode.swift; path = TotalActivityReport.swift; sourceTree = "<group>"; };
		5F96AABE2B4C410D00999B84 /* TotalActivityView.swift */ = {isa = PBXFileReference; lastKnownFileType = sourcecode.swift; path = TotalActivityView.swift; sourceTree = "<group>"; };
		5F96AAC02B4C410D00999B84 /* Info.plist */ = {isa = PBXFileReference; lastKnownFileType = text.plist.xml; path = Info.plist; sourceTree = "<group>"; };
		5F96AAC12B4C410D00999B84 /* OdysseyDeviceActivityReport.entitlements */ = {isa = PBXFileReference; lastKnownFileType = text.plist.entitlements; path = OdysseyDeviceActivityReport.entitlements; sourceTree = "<group>"; };
		5FAFBC062B49E1A60018504E /* Odyssey.app */ = {isa = PBXFileReference; explicitFileType = wrapper.application; includeInIndex = 0; path = Odyssey.app; sourceTree = BUILT_PRODUCTS_DIR; };
		5FAFBC092B49E1A60018504E /* OdysseyApp.swift */ = {isa = PBXFileReference; lastKnownFileType = sourcecode.swift; path = OdysseyApp.swift; sourceTree = "<group>"; };
		5FAFBC0B2B49E1A60018504E /* ContentView.swift */ = {isa = PBXFileReference; lastKnownFileType = sourcecode.swift; path = ContentView.swift; sourceTree = "<group>"; };
		5FAFBC0D2B49E1A80018504E /* Assets.xcassets */ = {isa = PBXFileReference; lastKnownFileType = folder.assetcatalog; path = Assets.xcassets; sourceTree = "<group>"; };
		5FAFBC102B49E1A80018504E /* Preview Assets.xcassets */ = {isa = PBXFileReference; lastKnownFileType = folder.assetcatalog; path = "Preview Assets.xcassets"; sourceTree = "<group>"; };
		5FAFBC152B49E1A80018504E /* Odyssey.xcdatamodel */ = {isa = PBXFileReference; lastKnownFileType = wrapper.xcdatamodel; path = Odyssey.xcdatamodel; sourceTree = "<group>"; };
		5FAFBC1B2B49E1A80018504E /* OdysseyTests.xctest */ = {isa = PBXFileReference; explicitFileType = wrapper.cfbundle; includeInIndex = 0; path = OdysseyTests.xctest; sourceTree = BUILT_PRODUCTS_DIR; };
		5FAFBC1F2B49E1A80018504E /* OdysseyTests.swift */ = {isa = PBXFileReference; lastKnownFileType = sourcecode.swift; path = OdysseyTests.swift; sourceTree = "<group>"; };
		5FAFBC252B49E1A80018504E /* OdysseyUITests.xctest */ = {isa = PBXFileReference; explicitFileType = wrapper.cfbundle; includeInIndex = 0; path = OdysseyUITests.xctest; sourceTree = BUILT_PRODUCTS_DIR; };
		5FAFBC292B49E1A80018504E /* OdysseyUITests.swift */ = {isa = PBXFileReference; lastKnownFileType = sourcecode.swift; path = OdysseyUITests.swift; sourceTree = "<group>"; };
		5FAFBC2B2B49E1A80018504E /* OdysseyUITestsLaunchTests.swift */ = {isa = PBXFileReference; lastKnownFileType = sourcecode.swift; path = OdysseyUITestsLaunchTests.swift; sourceTree = "<group>"; };
		5FAFBC472B49F70B0018504E /* LottieView.swift */ = {isa = PBXFileReference; lastKnownFileType = sourcecode.swift; path = LottieView.swift; sourceTree = "<group>"; };
		638F8D021F793E5A525CF7AB /* SharedDefaults.swift */ = {isa = PBXFileReference; includeInIndex = 1; lastKnownFileType = sourcecode.swift; path = SharedDefaults.swift; sourceTree = "<group>"; };
		6CE8ACA4DCC1F853372C093F /* ReviewSleepCard.swift */ = {isa = PBXFileReference; includeInIndex = 1; lastKnownFileType = sourcecode.swift; path = ReviewSleepCard.swift; sourceTree = "<group>"; };
		7B5A24DCDFF0718CA1E70E5B /* DailyEntry.swift */ = {isa = PBXFileReference; includeInIndex = 1; lastKnownFileType = sourcecode.swift; path = DailyEntry.swift; sourceTree = "<group>"; };
		7E88DCD841591635A3FA87CB /* ReviewMapCard.swift */ = {isa = PBXFileReference; includeInIndex = 1; lastKnownFileType = sourcecode.swift; path = ReviewMapCard.swift; sourceTree = "<group>"; };
		7EFC9E1EE4EA2298D44CB813 /* JournalView.swift */ = {isa = PBXFileReference; includeInIndex = 1; lastKnownFileType = sourcecode.swift; path = JournalView.swift; sourceTree = "<group>"; };
		80C7606A98FD1FA124B59887 /* DataContainer.swift */ = {isa = PBXFileReference; includeInIndex = 1; lastKnownFileType = sourcecode.swift; path = DataContainer.swift; sourceTree = "<group>"; };
		812204442C574F4378F19004 /* DrinksPromptCard.swift */ = {isa = PBXFileReference; includeInIndex = 1; lastKnownFileType = sourcecode.swift; path = DrinksPromptCard.swift; sourceTree = "<group>"; };
		81868973E39D9AF68D1C4E7A /* YearInReviewViewModel.swift */ = {isa = PBXFileReference; includeInIndex = 1; lastKnownFileType = sourcecode.swift; path = YearInReviewViewModel.swift; sourceTree = "<group>"; };
		83A3FEE0129740CFD3D3A1FE /* ScreenTimeDataExtractor.swift */ = {isa = PBXFileReference; includeInIndex = 1; lastKnownFileType = sourcecode.swift; path = ScreenTimeDataExtractor.swift; sourceTree = "<group>"; };
		8497276BABC8DDC87DB8C2A8 /* ReviewEntryCountCard.swift */ = {isa = PBXFileReference; includeInIndex = 1; lastKnownFileType = sourcecode.swift; path = ReviewEntryCountCard.swift; sourceTree = "<group>"; };
		85AA8AAEB7A435084C23ECD6 /* TensionPromptCard.swift */ = {isa = PBXFileReference; includeInIndex = 1; lastKnownFileType = sourcecode.swift; path = TensionPromptCard.swift; sourceTree = "<group>"; };
		8A90B323B0F5900D138A2D16 /* BackgroundSnapshotService.swift */ = {isa = PBXFileReference; includeInIndex = 1; lastKnownFileType = sourcecode.swift; path = BackgroundSnapshotService.swift; sourceTree = "<group>"; };
		97569FD9C2589433BE90F633 /* ReviewMoodCard.swift */ = {isa = PBXFileReference; includeInIndex = 1; lastKnownFileType = sourcecode.swift; path = ReviewMoodCard.swift; sourceTree = "<group>"; };
		9A031525A5FC924473BEECBB /* MoodPromptCard.swift */ = {isa = PBXFileReference; includeInIndex = 1; lastKnownFileType = sourcecode.swift; path = MoodPromptCard.swift; sourceTree = "<group>"; };
		9A5E80FEF87628B3A56F7DDB /* CalendarHeatmapView.swift */ = {isa = PBXFileReference; includeInIndex = 1; lastKnownFileType = sourcecode.swift; path = CalendarHeatmapView.swift; sourceTree = "<group>"; };
		9CE7A57F5FBA850A62A7FC2A /* GuidedPromptFlowView.swift */ = {isa = PBXFileReference; includeInIndex = 1; lastKnownFileType = sourcecode.swift; path = GuidedPromptFlowView.swift; sourceTree = "<group>"; };
		9D5F4E571066024E60EE64E5 /* JournalPromptCard.swift */ = {isa = PBXFileReference; includeInIndex = 1; lastKnownFileType = sourcecode.swift; path = JournalPromptCard.swift; sourceTree = "<group>"; };
		9FB7114F962B90CD63A24D6E /* AnimatedCounter.swift */ = {isa = PBXFileReference; includeInIndex = 1; lastKnownFileType = sourcecode.swift; path = AnimatedCounter.swift; sourceTree = "<group>"; };
		A6E921B1A796352D0DC2F16E /* ColorPaletteView.swift */ = {isa = PBXFileReference; includeInIndex = 1; lastKnownFileType = sourcecode.swift; path = ColorPaletteView.swift; sourceTree = "<group>"; };
		ADA0855F12557962C12FD4FF /* YearInReviewView.swift */ = {isa = PBXFileReference; includeInIndex = 1; lastKnownFileType = sourcecode.swift; path = YearInReviewView.swift; sourceTree = "<group>"; };
		AF44E24756450498E15BBCA3 /* SingleLocationDelegate.swift */ = {isa = PBXFileReference; includeInIndex = 1; lastKnownFileType = sourcecode.swift; path = SingleLocationDelegate.swift; sourceTree = "<group>"; };
		BA1BE678DC5FD26071896478 /* ShareableCardRenderer.swift */ = {isa = PBXFileReference; includeInIndex = 1; lastKnownFileType = sourcecode.swift; path = ShareableCardRenderer.swift; sourceTree = "<group>"; };
		BA225FCEB3893F396EEFEE89 /* PromptNavigationBar.swift */ = {isa = PBXFileReference; includeInIndex = 1; lastKnownFileType = sourcecode.swift; path = PromptNavigationBar.swift; sourceTree = "<group>"; };
		BBC6E83295929A28AAC6929A /* ReviewBestDayCard.swift */ = {isa = PBXFileReference; includeInIndex = 1; lastKnownFileType = sourcecode.swift; path = ReviewBestDayCard.swift; sourceTree = "<group>"; };
		C2DD8A18D7C6C4E7E6C3BD73 /* MoodIndicator.swift */ = {isa = PBXFileReference; includeInIndex = 1; lastKnownFileType = sourcecode.swift; path = MoodIndicator.swift; sourceTree = "<group>"; };
		C635C49F97ED57570F72EFF6 /* MainTabView.swift */ = {isa = PBXFileReference; includeInIndex = 1; lastKnownFileType = sourcecode.swift; path = MainTabView.swift; sourceTree = "<group>"; };
		D167085E6095764E803C5AF7 /* WordCloudView.swift */ = {isa = PBXFileReference; includeInIndex = 1; lastKnownFileType = sourcecode.swift; path = WordCloudView.swift; sourceTree = "<group>"; };
		DB343ACF8CB79A156682C1FB /* LocationCaptureService.swift */ = {isa = PBXFileReference; includeInIndex = 1; lastKnownFileType = sourcecode.swift; path = LocationCaptureService.swift; sourceTree = "<group>"; };
		DB6A88E8244B730D7D27C7E8 /* ReviewTitleCard.swift */ = {isa = PBXFileReference; includeInIndex = 1; lastKnownFileType = sourcecode.swift; path = ReviewTitleCard.swift; sourceTree = "<group>"; };
		E40EA6B9C8DAA6C8610945BB /* InsightCard.swift */ = {isa = PBXFileReference; includeInIndex = 1; lastKnownFileType = sourcecode.swift; path = InsightCard.swift; sourceTree = "<group>"; };
		E72678E81212E7CFB2CF8AA8 /* HealthKit.framework */ = {isa = PBXFileReference; lastKnownFileType = wrapper.framework; name = HealthKit.framework; path = System/Library/Frameworks/HealthKit.framework; sourceTree = SDKROOT; };
		E9B705FB6F2CC3B61A28E077 /* JournalCalendarView.swift */ = {isa = PBXFileReference; includeInIndex = 1; lastKnownFileType = sourcecode.swift; path = JournalCalendarView.swift; sourceTree = "<group>"; };
		EACD1AF7614D69F2DEDCF73C /* ProfileView.swift */ = {isa = PBXFileReference; includeInIndex = 1; lastKnownFileType = sourcecode.swift; path = ProfileView.swift; sourceTree = "<group>"; };
		EF6477F0BFB8A770D8D6821B /* CompletionCard.swift */ = {isa = PBXFileReference; includeInIndex = 1; lastKnownFileType = sourcecode.swift; path = CompletionCard.swift; sourceTree = "<group>"; };
/* End PBXFileReference section */

/* Begin PBXFrameworksBuildPhase section */
		5F96AAA12B4C38DD00999B84 /* Frameworks */ = {
			isa = PBXFrameworksBuildPhase;
			buildActionMask = 2147483647;
			files = (
				5F96AAA72B4C38DD00999B84 /* DeviceActivity.framework in Frameworks */,
			);
			runOnlyForDeploymentPostprocessing = 0;
		};
		5F96AAB52B4C410D00999B84 /* Frameworks */ = {
			isa = PBXFrameworksBuildPhase;
			buildActionMask = 2147483647;
			files = (
			);
			runOnlyForDeploymentPostprocessing = 0;
		};
		5FAFBC032B49E1A60018504E /* Frameworks */ = {
			isa = PBXFrameworksBuildPhase;
			buildActionMask = 2147483647;
			files = (
				5F96AA732B49FD6600999B84 /* Lottie in Frameworks */,
				DD5D9E4B98511AF942D08EC9 /* HealthKit.framework in Frameworks */,
				196EDC5E0A4A1F5E3D4824BF /* SwiftData.framework in Frameworks */,
			);
			runOnlyForDeploymentPostprocessing = 0;
		};
		5FAFBC182B49E1A80018504E /* Frameworks */ = {
			isa = PBXFrameworksBuildPhase;
			buildActionMask = 2147483647;
			files = (
			);
			runOnlyForDeploymentPostprocessing = 0;
		};
		5FAFBC222B49E1A80018504E /* Frameworks */ = {
			isa = PBXFrameworksBuildPhase;
			buildActionMask = 2147483647;
			files = (
			);
			runOnlyForDeploymentPostprocessing = 0;
		};
/* End PBXFrameworksBuildPhase section */

/* Begin PBXGroup section */
		03CB4C0FAB8F3F33E1509E29 /* Journal */ = {
			isa = PBXGroup;
			children = (
				7EFC9E1EE4EA2298D44CB813 /* JournalView.swift */,
				E9B705FB6F2CC3B61A28E077 /* JournalCalendarView.swift */,
				2602055E4D1CCA4D9E95B851 /* JournalEntryDetailView.swift */,
			);
			name = Journal;
			path = Journal;
			sourceTree = "<group>";
		};
		079AA6FEB4A32F91EC1CDDED /* ReviewCards */ = {
			isa = PBXGroup;
			children = (
				DB6A88E8244B730D7D27C7E8 /* ReviewTitleCard.swift */,
				8497276BABC8DDC87DB8C2A8 /* ReviewEntryCountCard.swift */,
				97569FD9C2589433BE90F633 /* ReviewMoodCard.swift */,
				BBC6E83295929A28AAC6929A /* ReviewBestDayCard.swift */,
				220CFBB95F0E82E3681E14B0 /* ReviewWordsCard.swift */,
				25A7F206495740519BC1F73D /* ReviewColorsCard.swift */,
				7E88DCD841591635A3FA87CB /* ReviewMapCard.swift */,
				6CE8ACA4DCC1F853372C093F /* ReviewSleepCard.swift */,
				165EDD761F9641FEF21F3CC7 /* ReviewGratitudeCard.swift */,
				277D46908C15A1028CE2AA83 /* ReviewClosingCard.swift */,
			);
			name = ReviewCards;
			path = ReviewCards;
			sourceTree = "<group>";
		};
		0AD2F828193D154D701922A9 /* Services */ = {
			isa = PBXGroup;
			children = (
				638F8D021F793E5A525CF7AB /* SharedDefaults.swift */,
				DB343ACF8CB79A156682C1FB /* LocationCaptureService.swift */,
				AF44E24756450498E15BBCA3 /* SingleLocationDelegate.swift */,
				2E95936DF27D22BD4FC4B7E4 /* HealthKitService.swift */,
				8A90B323B0F5900D138A2D16 /* BackgroundSnapshotService.swift */,
				1F2DA7F5A277B3D36139F196 /* YearInReviewService.swift */,
			);
			name = Services;
			path = Services;
			sourceTree = "<group>";
		};
		24EA8FF0020FE6581C5A266C /* Components */ = {
			isa = PBXGroup;
			children = (
				046380EAD84D6A25DCE661D6 /* DateRangePicker.swift */,
				E40EA6B9C8DAA6C8610945BB /* InsightCard.swift */,
				C2DD8A18D7C6C4E7E6C3BD73 /* MoodIndicator.swift */,
				9FB7114F962B90CD63A24D6E /* AnimatedCounter.swift */,
				BA1BE678DC5FD26071896478 /* ShareableCardRenderer.swift */,
			);
			name = Components;
			path = Components;
			sourceTree = "<group>";
		};
		51AA3D16B5575ECA00E604C0 /* Insights */ = {
			isa = PBXGroup;
			children = (
				26320E40541186488A825EA6 /* InsightsDashboardView.swift */,
				5F457139C6883C57D07C0CBD /* MoodTrendView.swift */,
				9A5E80FEF87628B3A56F7DDB /* CalendarHeatmapView.swift */,
				2827F5D60870DE3D25E38D6B /* MapVisualizationView.swift */,
				04DD2513DE2308EC6DCBAA4C /* StreakView.swift */,
				D167085E6095764E803C5AF7 /* WordCloudView.swift */,
				A6E921B1A796352D0DC2F16E /* ColorPaletteView.swift */,
			);
			name = Insights;
			path = Insights;
			sourceTree = "<group>";
		};
		5F96AA742B49FE7700999B84 /* Lottie */ = {
			isa = PBXGroup;
			children = (
				5F96AA752B49FE9500999B84 /* rotating_earth.json */,
			);
			path = Lottie;
			sourceTree = "<group>";
		};
		5F96AA772B4A073500999B84 /* ViewModels */ = {
			isa = PBXGroup;
			children = (
				5F96AA782B4A07B600999B84 /* DailyEntryViewModel.swift */,
				10C33226E46E079F8BB989E1 /* GuidedPromptViewModel.swift */,
				5F47CA2315DEC2DCC4804FD0 /* JournalViewModel.swift */,
				292434A69490374EABCAAC1B /* InsightsViewModel.swift */,
				81868973E39D9AF68D1C4E7A /* YearInReviewViewModel.swift */,
			);
			path = ViewModels;
			sourceTree = "<group>";
		};
		5F96AA7A2B4A09B100999B84 /* Extensions */ = {
			isa = PBXGroup;
			children = (
				5F96AA7B2B4A09E700999B84 /* UIColor+Extensions.swift */,
				402708781F1405891D5F4C0D /* Color+Extensions.swift */,
				0CF1B775171B8B1088908791 /* Date+Extensions.swift */,
			);
			path = Extensions;
			sourceTree = "<group>";
		};
		5F96AAA52B4C38DD00999B84 /* Frameworks */ = {
			isa = PBXGroup;
			children = (
				5F96AAA62B4C38DD00999B84 /* DeviceActivity.framework */,
				E72678E81212E7CFB2CF8AA8 /* HealthKit.framework */,
				3B57580EEAF4DD471350BCFE /* SwiftData.framework */,
			);
			name = Frameworks;
			sourceTree = "<group>";
		};
		5F96AAA82B4C38DD00999B84 /* OdysseyDeviceActivityMonitor */ = {
			isa = PBXGroup;
			children = (
				5F96AAA92B4C38DD00999B84 /* DeviceActivityMonitorExtension.swift */,
				5F96AAAB2B4C38DD00999B84 /* Info.plist */,
				5F96AAAC2B4C38DD00999B84 /* OdysseyDeviceActivityMonitor.entitlements */,
			);
			path = OdysseyDeviceActivityMonitor;
			sourceTree = "<group>";
		};
		5F96AAB92B4C410D00999B84 /* OdysseyDeviceActivityReport */ = {
			isa = PBXGroup;
			children = (
				5F96AABA2B4C410D00999B84 /* OdysseyDeviceActivityReport.swift */,
				5F96AABC2B4C410D00999B84 /* TotalActivityReport.swift */,
				5F96AABE2B4C410D00999B84 /* TotalActivityView.swift */,
				5F96AAC02B4C410D00999B84 /* Info.plist */,
				5F96AAC12B4C410D00999B84 /* OdysseyDeviceActivityReport.entitlements */,
			);
			path = OdysseyDeviceActivityReport;
			sourceTree = "<group>";
		};
		5FAFBBFD2B49E1A60018504E = {
			isa = PBXGroup;
			children = (
				5FAFBC082B49E1A60018504E /* Odyssey */,
				5FAFBC1E2B49E1A80018504E /* OdysseyTests */,
				5FAFBC282B49E1A80018504E /* OdysseyUITests */,
				5F96AAA82B4C38DD00999B84 /* OdysseyDeviceActivityMonitor */,
				5F96AAB92B4C410D00999B84 /* OdysseyDeviceActivityReport */,
				5F96AAA52B4C38DD00999B84 /* Frameworks */,
				5FAFBC072B49E1A60018504E /* Products */,
			);
			sourceTree = "<group>";
		};
		5FAFBC072B49E1A60018504E /* Products */ = {
			isa = PBXGroup;
			children = (
				5FAFBC062B49E1A60018504E /* Odyssey.app */,
				5FAFBC1B2B49E1A80018504E /* OdysseyTests.xctest */,
				5FAFBC252B49E1A80018504E /* OdysseyUITests.xctest */,
				5F96AAA42B4C38DD00999B84 /* OdysseyDeviceActivityMonitor.appex */,
				5F96AAB82B4C410D00999B84 /* OdysseyDeviceActivityReport.appex */,
			);
			name = Products;
			sourceTree = "<group>";
		};
		5FAFBC082B49E1A60018504E /* Odyssey */ = {
			isa = PBXGroup;
			children = (
				5F96AA862B4C2EC200999B84 /* Odyssey.entitlements */,
				5F96AA842B4A105B00999B84 /* Info.plist */,
				5F96AA7A2B4A09B100999B84 /* Extensions */,
				5F96AA772B4A073500999B84 /* ViewModels */,
				5F96AA742B49FE7700999B84 /* Lottie */,
				5FAFBC3B2B49E7B90018504E /* Models */,
				5FAFBC382B49E7090018504E /* Views */,
				5FAFBC092B49E1A60018504E /* OdysseyApp.swift */,
				5F96AA7F2B4A0E7700999B84 /* OdysseyAppDelegate.swift */,
				5FAFBC0B2B49E1A60018504E /* ContentView.swift */,
				5FAFBC0D2B49E1A80018504E /* Assets.xcassets */,
				5FAFBC142B49E1A80018504E /* Odyssey.xcdatamodeld */,
				5FAFBC0F2B49E1A80018504E /* Preview Content */,
				0AD2F828193D154D701922A9 /* Services */,
			);
			path = Odyssey;
			sourceTree = "<group>";
		};
		5FAFBC0F2B49E1A80018504E /* Preview Content */ = {
			isa = PBXGroup;
			children = (
				5FAFBC102B49E1A80018504E /* Preview Assets.xcassets */,
			);
			path = "Preview Content";
			sourceTree = "<group>";
		};
		5FAFBC1E2B49E1A80018504E /* OdysseyTests */ = {
			isa = PBXGroup;
			children = (
				5FAFBC1F2B49E1A80018504E /* OdysseyTests.swift */,
			);
			path = OdysseyTests;
			sourceTree = "<group>";
		};
		5FAFBC282B49E1A80018504E /* OdysseyUITests */ = {
			isa = PBXGroup;
			children = (
				5FAFBC292B49E1A80018504E /* OdysseyUITests.swift */,
				5FAFBC2B2B49E1A80018504E /* OdysseyUITestsLaunchTests.swift */,
			);
			path = OdysseyUITests;
			sourceTree = "<group>";
		};
		5FAFBC382B49E7090018504E /* Views */ = {
			isa = PBXGroup;
			children = (
				5FAFBC472B49F70B0018504E /* LottieView.swift */,
				5F96AA892B4C310800999B84 /* ScreenTimeSelectAppsContentView.swift */,
				C635C49F97ED57570F72EFF6 /* MainTabView.swift */,
				83A3FEE0129740CFD3D3A1FE /* ScreenTimeDataExtractor.swift */,
				B47170D3EF5799179798661E /* Today */,
				03CB4C0FAB8F3F33E1509E29 /* Journal */,
				E511DF5A2EE76BC6B0A770D8 /* Profile */,
				D18FCDF73B14B136099887AA /* GuidedPrompts */,
				24EA8FF0020FE6581C5A266C /* Components */,
				51AA3D16B5575ECA00E604C0 /* Insights */,
				73F60BE852C4B53914A73AD0 /* YearInReview */,
			);
			path = Views;
			sourceTree = "<group>";
		};
		5FAFBC3B2B49E7B90018504E /* Models */ = {
			isa = PBXGroup;
			children = (
				5F96AA872B4C30AD00999B84 /* ScreenTimeSelectAppsModel.swift */,
				7B5A24DCDFF0718CA1E70E5B /* DailyEntry.swift */,
				4D0D7FE6859B631359A8FC77 /* DailyEntry+Computed.swift */,
				80C7606A98FD1FA124B59887 /* DataContainer.swift */,
				404E7870D5E38DE543E0ED2C /* SampleData.swift */,
				5DAA03677F50ED2C50A8140C /* PromptStep.swift */,
				4E0E78DC1B6B94D9A9D78AB2 /* PromptResponses.swift */,
			);
			path = Models;
			sourceTree = "<group>";
		};
		73F60BE852C4B53914A73AD0 /* YearInReview */ = {
			isa = PBXGroup;
			children = (
				ADA0855F12557962C12FD4FF /* YearInReviewView.swift */,
				079AA6FEB4A32F91EC1CDDED /* ReviewCards */,
			);
			name = YearInReview;
			path = YearInReview;
			sourceTree = "<group>";
		};
		B47170D3EF5799179798661E /* Today */ = {
			isa = PBXGroup;
			children = (
				3BC146E7E0CF885A599B5E88 /* TodayView.swift */,
				5A37458B27DCD39C80655FBD /* TodayEntryStatusCard.swift */,
			);
			name = Today;
			path = Today;
			sourceTree = "<group>";
		};
		D18FCDF73B14B136099887AA /* GuidedPrompts */ = {
			isa = PBXGroup;
			children = (
				9CE7A57F5FBA850A62A7FC2A /* GuidedPromptFlowView.swift */,
				25CC841292320D80C1A2C260 /* PromptCardContainer.swift */,
				20FBEA1FBB6F97D9470A1A33 /* PromptProgressBar.swift */,
				BA225FCEB3893F396EEFEE89 /* PromptNavigationBar.swift */,
				E4C833C041D7B60622963269 /* Cards */,
			);
			name = GuidedPrompts;
			path = GuidedPrompts;
			sourceTree = "<group>";
		};
		E4C833C041D7B60622963269 /* Cards */ = {
			isa = PBXGroup;
			children = (
				9A031525A5FC924473BEECBB /* MoodPromptCard.swift */,
				5357AA89DC0B9F0A1AE8A7CF /* FeelingPromptCard.swift */,
				13ACE846C6B5FF3EC4B1E5D9 /* SleepPromptCard.swift */,
				2C436272BF01B19F60611B86 /* GratitudePromptCard.swift */,
				13C816AE44BFB4E0BF62A149 /* WinPromptCard.swift */,
				85AA8AAEB7A435084C23ECD6 /* TensionPromptCard.swift */,
				9D5F4E571066024E60EE64E5 /* JournalPromptCard.swift */,
				812204442C574F4378F19004 /* DrinksPromptCard.swift */,
				EF6477F0BFB8A770D8D6821B /* CompletionCard.swift */,
			);
			name = Cards;
			path = Cards;
			sourceTree = "<group>";
		};
		E511DF5A2EE76BC6B0A770D8 /* Profile */ = {
			isa = PBXGroup;
			children = (
				EACD1AF7614D69F2DEDCF73C /* ProfileView.swift */,
			);
			name = Profile;
			path = Profile;
			sourceTree = "<group>";
		};
/* End PBXGroup section */

/* Begin PBXNativeTarget section */
		5F96AAA32B4C38DD00999B84 /* OdysseyDeviceActivityMonitor */ = {
			isa = PBXNativeTarget;
			buildConfigurationList = 5F96AAB02B4C38DD00999B84 /* Build configuration list for PBXNativeTarget "OdysseyDeviceActivityMonitor" */;
			buildPhases = (
				5F96AAA02B4C38DD00999B84 /* Sources */,
				5F96AAA12B4C38DD00999B84 /* Frameworks */,
				5F96AAA22B4C38DD00999B84 /* Resources */,
			);
			buildRules = (
			);
			dependencies = (
			);
			name = OdysseyDeviceActivityMonitor;
			productName = OdysseyDeviceActivityMonitor;
			productReference = 5F96AAA42B4C38DD00999B84 /* OdysseyDeviceActivityMonitor.appex */;
			productType = "com.apple.product-type.app-extension";
		};
		5F96AAB72B4C410D00999B84 /* OdysseyDeviceActivityReport */ = {
			isa = PBXNativeTarget;
			buildConfigurationList = 5F96AAC52B4C410D00999B84 /* Build configuration list for PBXNativeTarget "OdysseyDeviceActivityReport" */;
			buildPhases = (
				5F96AAB42B4C410D00999B84 /* Sources */,
				5F96AAB52B4C410D00999B84 /* Frameworks */,
				5F96AAB62B4C410D00999B84 /* Resources */,
			);
			buildRules = (
			);
			dependencies = (
			);
			name = OdysseyDeviceActivityReport;
			productName = OdysseyDeviceActivityReport;
			productReference = 5F96AAB82B4C410D00999B84 /* OdysseyDeviceActivityReport.appex */;
			productType = "com.apple.product-type.extensionkit-extension";
		};
		5FAFBC052B49E1A60018504E /* Odyssey */ = {
			isa = PBXNativeTarget;
			buildConfigurationList = 5FAFBC2F2B49E1A90018504E /* Build configuration list for PBXNativeTarget "Odyssey" */;
			buildPhases = (
				5FAFBC022B49E1A60018504E /* Sources */,
				5FAFBC032B49E1A60018504E /* Frameworks */,
				5FAFBC042B49E1A60018504E /* Resources */,
				5F96AA9F2B4C36AA00999B84 /* Embed ExtensionKit Extensions */,
				5F96AAB32B4C38DD00999B84 /* Embed Foundation Extensions */,
			);
			buildRules = (
			);
			dependencies = (
				5F96AAAE2B4C38DD00999B84 /* PBXTargetDependency */,
				5F96AAC32B4C410D00999B84 /* PBXTargetDependency */,
			);
			name = Odyssey;
			packageProductDependencies = (
				5F96AA722B49FD6600999B84 /* Lottie */,
			);
			productName = Odyssey;
			productReference = 5FAFBC062B49E1A60018504E /* Odyssey.app */;
			productType = "com.apple.product-type.application";
		};
		5FAFBC1A2B49E1A80018504E /* OdysseyTests */ = {
			isa = PBXNativeTarget;
			buildConfigurationList = 5FAFBC322B49E1A90018504E /* Build configuration list for PBXNativeTarget "OdysseyTests" */;
			buildPhases = (
				5FAFBC172B49E1A80018504E /* Sources */,
				5FAFBC182B49E1A80018504E /* Frameworks */,
				5FAFBC192B49E1A80018504E /* Resources */,
			);
			buildRules = (
			);
			dependencies = (
				5FAFBC1D2B49E1A80018504E /* PBXTargetDependency */,
			);
			name = OdysseyTests;
			productName = OdysseyTests;
			productReference = 5FAFBC1B2B49E1A80018504E /* OdysseyTests.xctest */;
			productType = "com.apple.product-type.bundle.unit-test";
		};
		5FAFBC242B49E1A80018504E /* OdysseyUITests */ = {
			isa = PBXNativeTarget;
			buildConfigurationList = 5FAFBC352B49E1A90018504E /* Build configuration list for PBXNativeTarget "OdysseyUITests" */;
			buildPhases = (
				5FAFBC212B49E1A80018504E /* Sources */,
				5FAFBC222B49E1A80018504E /* Frameworks */,
				5FAFBC232B49E1A80018504E /* Resources */,
			);
			buildRules = (
			);
			dependencies = (
				5FAFBC272B49E1A80018504E /* PBXTargetDependency */,
			);
			name = OdysseyUITests;
			productName = OdysseyUITests;
			productReference = 5FAFBC252B49E1A80018504E /* OdysseyUITests.xctest */;
			productType = "com.apple.product-type.bundle.ui-testing";
		};
/* End PBXNativeTarget section */

/* Begin PBXProject section */
		5FAFBBFE2B49E1A60018504E /* Project object */ = {
			isa = PBXProject;
			attributes = {
				BuildIndependentTargetsInParallel = 1;
				LastSwiftUpdateCheck = 1400;
				LastUpgradeCheck = 1400;
				TargetAttributes = {
					5F96AAA32B4C38DD00999B84 = {
						CreatedOnToolsVersion = 14.0;
					};
					5F96AAB72B4C410D00999B84 = {
						CreatedOnToolsVersion = 14.0;
					};
					5FAFBC052B49E1A60018504E = {
						CreatedOnToolsVersion = 14.0;
					};
					5FAFBC1A2B49E1A80018504E = {
						CreatedOnToolsVersion = 14.0;
						TestTargetID = 5FAFBC052B49E1A60018504E;
					};
					5FAFBC242B49E1A80018504E = {
						CreatedOnToolsVersion = 14.0;
						TestTargetID = 5FAFBC052B49E1A60018504E;
					};
				};
			};
			buildConfigurationList = 5FAFBC012B49E1A60018504E /* Build configuration list for PBXProject "Odyssey" */;
			compatibilityVersion = "Xcode 14.0";
			developmentRegion = en;
			hasScannedForEncodings = 0;
			knownRegions = (
				en,
				Base,
			);
			mainGroup = 5FAFBBFD2B49E1A60018504E;
			packageReferences = (
				5F96AA712B49FD6600999B84 /* XCRemoteSwiftPackageReference "lottie-spm" */,
			);
			productRefGroup = 5FAFBC072B49E1A60018504E /* Products */;
			projectDirPath = "";
			projectRoot = "";
			targets = (
				5FAFBC052B49E1A60018504E /* Odyssey */,
				5FAFBC1A2B49E1A80018504E /* OdysseyTests */,
				5FAFBC242B49E1A80018504E /* OdysseyUITests */,
				5F96AAA32B4C38DD00999B84 /* OdysseyDeviceActivityMonitor */,
				5F96AAB72B4C410D00999B84 /* OdysseyDeviceActivityReport */,
			);
		};
/* End PBXProject section */

/* Begin PBXResourcesBuildPhase section */
		5F96AAA22B4C38DD00999B84 /* Resources */ = {
			isa = PBXResourcesBuildPhase;
			buildActionMask = 2147483647;
			files = (
			);
			runOnlyForDeploymentPostprocessing = 0;
		};
		5F96AAB62B4C410D00999B84 /* Resources */ = {
			isa = PBXResourcesBuildPhase;
			buildActionMask = 2147483647;
			files = (
			);
			runOnlyForDeploymentPostprocessing = 0;
		};
		5FAFBC042B49E1A60018504E /* Resources */ = {
			isa = PBXResourcesBuildPhase;
			buildActionMask = 2147483647;
			files = (
				5FAFBC112B49E1A80018504E /* Preview Assets.xcassets in Resources */,
				5FAFBC0E2B49E1A80018504E /* Assets.xcassets in Resources */,
				5F96AA762B49FE9600999B84 /* rotating_earth.json in Resources */,
			);
			runOnlyForDeploymentPostprocessing = 0;
		};
		5FAFBC192B49E1A80018504E /* Resources */ = {
			isa = PBXResourcesBuildPhase;
			buildActionMask = 2147483647;
			files = (
			);
			runOnlyForDeploymentPostprocessing = 0;
		};
		5FAFBC232B49E1A80018504E /* Resources */ = {
			isa = PBXResourcesBuildPhase;
			buildActionMask = 2147483647;
			files = (
			);
			runOnlyForDeploymentPostprocessing = 0;
		};
/* End PBXResourcesBuildPhase section */

/* Begin PBXSourcesBuildPhase section */
		5F96AAA02B4C38DD00999B84 /* Sources */ = {
			isa = PBXSourcesBuildPhase;
			buildActionMask = 2147483647;
			files = (
				5F96AAAA2B4C38DD00999B84 /* DeviceActivityMonitorExtension.swift in Sources */,
			);
			runOnlyForDeploymentPostprocessing = 0;
		};
		5F96AAB42B4C410D00999B84 /* Sources */ = {
			isa = PBXSourcesBuildPhase;
			buildActionMask = 2147483647;
			files = (
				5F96AABF2B4C410D00999B84 /* TotalActivityView.swift in Sources */,
				5F96AABB2B4C410D00999B84 /* OdysseyDeviceActivityReport.swift in Sources */,
				5F96AABD2B4C410D00999B84 /* TotalActivityReport.swift in Sources */,
			);
			runOnlyForDeploymentPostprocessing = 0;
		};
		5FAFBC022B49E1A60018504E /* Sources */ = {
			isa = PBXSourcesBuildPhase;
			buildActionMask = 2147483647;
			files = (
				5FAFBC162B49E1A80018504E /* Odyssey.xcdatamodeld in Sources */,
				5F96AA802B4A0E7700999B84 /* OdysseyAppDelegate.swift in Sources */,
				5FAFBC482B49F70B0018504E /* LottieView.swift in Sources */,
				5F96AA792B4A07B600999B84 /* DailyEntryViewModel.swift in Sources */,
				5F96AA8A2B4C310800999B84 /* ScreenTimeSelectAppsContentView.swift in Sources */,
				5F96AA882B4C30AD00999B84 /* ScreenTimeSelectAppsModel.swift in Sources */,
				5F96AA7C2B4A09E700999B84 /* UIColor+Extensions.swift in Sources */,
				5FAFBC0C2B49E1A60018504E /* ContentView.swift in Sources */,
				5FAFBC0A2B49E1A60018504E /* OdysseyApp.swift in Sources */,
				CC4960D1CF90D6B6193843DC /* DailyEntry.swift in Sources */,
				F9FFBCC60597E2412FA6220C /* DailyEntry+Computed.swift in Sources */,
				6DCF3B5C509F071495918097 /* DataContainer.swift in Sources */,
				0F21CBFC1793A2C01C5880D0 /* SampleData.swift in Sources */,
				592426C5C07D0F9D17078DAC /* PromptStep.swift in Sources */,
				21BAF14AD79C48DC9B558A24 /* PromptResponses.swift in Sources */,
				5F2B9D85498D1A1F1FACE2B0 /* SharedDefaults.swift in Sources */,
				9D95C5E6C6660F1BE5C4B734 /* LocationCaptureService.swift in Sources */,
				F1057D5C62AEFC256406AD3A /* SingleLocationDelegate.swift in Sources */,
				869F89CC56B7FAEEAF4BB75C /* HealthKitService.swift in Sources */,
				6C8DC5973DC4574CDAEEAC80 /* BackgroundSnapshotService.swift in Sources */,
				CFD4121282DB9533E2966630 /* YearInReviewService.swift in Sources */,
				5357B991376AA0AA67ABEC2C /* GuidedPromptViewModel.swift in Sources */,
				28116A7F43066FFE82A170CA /* JournalViewModel.swift in Sources */,
				40576AD79C5CB6CD02CE9177 /* InsightsViewModel.swift in Sources */,
				EAC3D92FB78A015CDBF03AFA /* YearInReviewViewModel.swift in Sources */,
				F6B0C354AD19D6E7FB5A0CDD /* MainTabView.swift in Sources */,
				5C0011028551AE348DFCB905 /* ScreenTimeDataExtractor.swift in Sources */,
				86BDF8A797CD83C002B16678 /* TodayView.swift in Sources */,
				AA99254DAC3D8CFE03004404 /* TodayEntryStatusCard.swift in Sources */,
				DB892BA8245D80483C1616B3 /* JournalView.swift in Sources */,
				BB7CE12E77673D9BA711ADA5 /* JournalCalendarView.swift in Sources */,
				5FC58CD194D220AFA863E3D8 /* JournalEntryDetailView.swift in Sources */,
				9EA53D310D40CFEBA088822D /* ProfileView.swift in Sources */,
				46F1A2AACDD5CA46BC33898E /* GuidedPromptFlowView.swift in Sources */,
				B41F40A443668C0907C85285 /* PromptCardContainer.swift in Sources */,
				DCFF53CA8A71C2821D419A77 /* PromptProgressBar.swift in Sources */,
				79378CBAC6C58FC4548F98DE /* PromptNavigationBar.swift in Sources */,
				1EB889A4FCA3B9F0E06DCB27 /* MoodPromptCard.swift in Sources */,
				C331762F3E3996974A75CA73 /* FeelingPromptCard.swift in Sources */,
				C373E54A99C45BDD2C9DF796 /* SleepPromptCard.swift in Sources */,
				8D2B0A82E9B4037CE7D29FA7 /* GratitudePromptCard.swift in Sources */,
				089D6029B282479BACA6A7A7 /* WinPromptCard.swift in Sources */,
				4ECCE2DC9ADB7BDAB7B2E6FB /* TensionPromptCard.swift in Sources */,
				BED82C002853A9359A931665 /* JournalPromptCard.swift in Sources */,
				7A7B26F8DE880B36FF4F898B /* DrinksPromptCard.swift in Sources */,
				FB9339CF5117A006B134CC83 /* CompletionCard.swift in Sources */,
				13CDB25508C558905357DB09 /* DateRangePicker.swift in Sources */,
				27241EE143C7E3E2C42F0F97 /* InsightCard.swift in Sources */,
				E8D334533BE7C377C480D6EE /* MoodIndicator.swift in Sources */,
				E51C5D58A81FAA85D118A4C6 /* AnimatedCounter.swift in Sources */,
				403B0A5F4F972B5C9E96BAD6 /* ShareableCardRenderer.swift in Sources */,
				CF3339ADAB86B293A60EAD64 /* InsightsDashboardView.swift in Sources */,
				0814E118C935327B73A83396 /* MoodTrendView.swift in Sources */,
				FA6C21484F83845F417763B0 /* CalendarHeatmapView.swift in Sources */,
				AB8D49FB59B1F5B518D76BBD /* MapVisualizationView.swift in Sources */,
				CE189EF5937CCCF78B31F891 /* StreakView.swift in Sources */,
				F9DC2068C8594F0A5ABF0E7D /* WordCloudView.swift in Sources */,
				188B6B4AB58EF6A705ADA193 /* ColorPaletteView.swift in Sources */,
				65C3C13A303A0D81A2B26DF4 /* YearInReviewView.swift in Sources */,
				E4A2E9C2219FD4DFEFD15F17 /* ReviewTitleCard.swift in Sources */,
				D95054E9A668B4DC465E3D51 /* ReviewEntryCountCard.swift in Sources */,
				A94CC4B44A3E708D97B183D5 /* ReviewMoodCard.swift in Sources */,
				A2208286244EE8D17116DCAA /* ReviewBestDayCard.swift in Sources */,
				4C893547D54BAC5571387BE2 /* ReviewWordsCard.swift in Sources */,
				50F88DE0F085B5AF37AFAF0E /* ReviewColorsCard.swift in Sources */,
				89805BC9F9F1C5CFE716DB0B /* ReviewMapCard.swift in Sources */,
				61A069149CC6DEB6E87BDE4A /* ReviewSleepCard.swift in Sources */,
				822F78BE1AD426A561B2BC04 /* ReviewGratitudeCard.swift in Sources */,
				CA582EF0550D60C1E7725250 /* ReviewClosingCard.swift in Sources */,
				95BE5EB49EFE4AC404ECCCFD /* Color+Extensions.swift in Sources */,
				F7CC992FA7FF57D5436CCFA9 /* Date+Extensions.swift in Sources */,
			);
			runOnlyForDeploymentPostprocessing = 0;
		};
		5FAFBC172B49E1A80018504E /* Sources */ = {
			isa = PBXSourcesBuildPhase;
			buildActionMask = 2147483647;
			files = (
				5FAFBC202B49E1A80018504E /* OdysseyTests.swift in Sources */,
			);
			runOnlyForDeploymentPostprocessing = 0;
		};
		5FAFBC212B49E1A80018504E /* Sources */ = {
			isa = PBXSourcesBuildPhase;
			buildActionMask = 2147483647;
			files = (
				5FAFBC2A2B49E1A80018504E /* OdysseyUITests.swift in Sources */,
				5FAFBC2C2B49E1A80018504E /* OdysseyUITestsLaunchTests.swift in Sources */,
			);
			runOnlyForDeploymentPostprocessing = 0;
		};
/* End PBXSourcesBuildPhase section */

/* Begin PBXTargetDependency section */
		5F96AAAE2B4C38DD00999B84 /* PBXTargetDependency */ = {
			isa = PBXTargetDependency;
			target = 5F96AAA32B4C38DD00999B84 /* OdysseyDeviceActivityMonitor */;
			targetProxy = 5F96AAAD2B4C38DD00999B84 /* PBXContainerItemProxy */;
		};
		5F96AAC32B4C410D00999B84 /* PBXTargetDependency */ = {
			isa = PBXTargetDependency;
			target = 5F96AAB72B4C410D00999B84 /* OdysseyDeviceActivityReport */;
			targetProxy = 5F96AAC22B4C410D00999B84 /* PBXContainerItemProxy */;
		};
		5FAFBC1D2B49E1A80018504E /* PBXTargetDependency */ = {
			isa = PBXTargetDependency;
			target = 5FAFBC052B49E1A60018504E /* Odyssey */;
			targetProxy = 5FAFBC1C2B49E1A80018504E /* PBXContainerItemProxy */;
		};
		5FAFBC272B49E1A80018504E /* PBXTargetDependency */ = {
			isa = PBXTargetDependency;
			target = 5FAFBC052B49E1A60018504E /* Odyssey */;
			targetProxy = 5FAFBC262B49E1A80018504E /* PBXContainerItemProxy */;
		};
/* End PBXTargetDependency section */

/* Begin XCBuildConfiguration section */
		5F96AAB12B4C38DD00999B84 /* Debug */ = {
			isa = XCBuildConfiguration;
			buildSettings = {
				CODE_SIGN_ENTITLEMENTS = OdysseyDeviceActivityMonitor/OdysseyDeviceActivityMonitor.entitlements;
				CODE_SIGN_STYLE = Automatic;
				CURRENT_PROJECT_VERSION = 1;
				DEVELOPMENT_TEAM = P3Q6VLD666;
				GENERATE_INFOPLIST_FILE = YES;
				INFOPLIST_FILE = OdysseyDeviceActivityMonitor/Info.plist;
				INFOPLIST_KEY_CFBundleDisplayName = OdysseyDeviceActivityMonitor;
				INFOPLIST_KEY_NSHumanReadableCopyright = "";
				LD_RUNPATH_SEARCH_PATHS = (
					"$(inherited)",
					"@executable_path/Frameworks",
					"@executable_path/../../Frameworks",
				);
				MARKETING_VERSION = 1.0;
				PRODUCT_BUNDLE_IDENTIFIER = com.johnlarkin.Odyssey.OdysseyDeviceActivityMonitor;
				PRODUCT_NAME = "$(TARGET_NAME)";
				SKIP_INSTALL = YES;
				SWIFT_EMIT_LOC_STRINGS = YES;
				SWIFT_VERSION = 5.0;
				TARGETED_DEVICE_FAMILY = "1,2";
			};
			name = Debug;
		};
		5F96AAB22B4C38DD00999B84 /* Release */ = {
			isa = XCBuildConfiguration;
			buildSettings = {
				CODE_SIGN_ENTITLEMENTS = OdysseyDeviceActivityMonitor/OdysseyDeviceActivityMonitor.entitlements;
				CODE_SIGN_STYLE = Automatic;
				CURRENT_PROJECT_VERSION = 1;
				DEVELOPMENT_TEAM = P3Q6VLD666;
				GENERATE_INFOPLIST_FILE = YES;
				INFOPLIST_FILE = OdysseyDeviceActivityMonitor/Info.plist;
				INFOPLIST_KEY_CFBundleDisplayName = OdysseyDeviceActivityMonitor;
				INFOPLIST_KEY_NSHumanReadableCopyright = "";
				LD_RUNPATH_SEARCH_PATHS = (
					"$(inherited)",
					"@executable_path/Frameworks",
					"@executable_path/../../Frameworks",
				);
				MARKETING_VERSION = 1.0;
				PRODUCT_BUNDLE_IDENTIFIER = com.johnlarkin.Odyssey.OdysseyDeviceActivityMonitor;
				PRODUCT_NAME = "$(TARGET_NAME)";
				SKIP_INSTALL = YES;
				SWIFT_EMIT_LOC_STRINGS = YES;
				SWIFT_VERSION = 5.0;
				TARGETED_DEVICE_FAMILY = "1,2";
			};
			name = Release;
		};
		5F96AAC62B4C410D00999B84 /* Debug */ = {
			isa = XCBuildConfiguration;
			buildSettings = {
				CODE_SIGN_ENTITLEMENTS = OdysseyDeviceActivityReport/OdysseyDeviceActivityReport.entitlements;
				CODE_SIGN_STYLE = Automatic;
				CURRENT_PROJECT_VERSION = 1;
				DEVELOPMENT_TEAM = P3Q6VLD666;
				GENERATE_INFOPLIST_FILE = YES;
				INFOPLIST_FILE = OdysseyDeviceActivityReport/Info.plist;
				INFOPLIST_KEY_CFBundleDisplayName = OdysseyDeviceActivityReport;
				INFOPLIST_KEY_NSHumanReadableCopyright = "";
				IPHONEOS_DEPLOYMENT_TARGET = 17.0;
				LD_RUNPATH_SEARCH_PATHS = (
					"$(inherited)",
					"@executable_path/Frameworks",
					"@executable_path/../../Frameworks",
				);
				MARKETING_VERSION = 1.0;
				PRODUCT_BUNDLE_IDENTIFIER = com.johnlarkin.Odyssey.OdysseyDeviceActivityReport;
				PRODUCT_NAME = "$(TARGET_NAME)";
				SKIP_INSTALL = YES;
				SWIFT_EMIT_LOC_STRINGS = YES;
				SWIFT_VERSION = 5.0;
				TARGETED_DEVICE_FAMILY = "1,2";
			};
			name = Debug;
		};
		5F96AAC72B4C410D00999B84 /* Release */ = {
			isa = XCBuildConfiguration;
			buildSettings = {
				CODE_SIGN_ENTITLEMENTS = OdysseyDeviceActivityReport/OdysseyDeviceActivityReport.entitlements;
				CODE_SIGN_STYLE = Automatic;
				CURRENT_PROJECT_VERSION = 1;
				DEVELOPMENT_TEAM = P3Q6VLD666;
				GENERATE_INFOPLIST_FILE = YES;
				INFOPLIST_FILE = OdysseyDeviceActivityReport/Info.plist;
				INFOPLIST_KEY_CFBundleDisplayName = OdysseyDeviceActivityReport;
				INFOPLIST_KEY_NSHumanReadableCopyright = "";
				IPHONEOS_DEPLOYMENT_TARGET = 17.0;
				LD_RUNPATH_SEARCH_PATHS = (
					"$(inherited)",
					"@executable_path/Frameworks",
					"@executable_path/../../Frameworks",
				);
				MARKETING_VERSION = 1.0;
				PRODUCT_BUNDLE_IDENTIFIER = com.johnlarkin.Odyssey.OdysseyDeviceActivityReport;
				PRODUCT_NAME = "$(TARGET_NAME)";
				SKIP_INSTALL = YES;
				SWIFT_EMIT_LOC_STRINGS = YES;
				SWIFT_VERSION = 5.0;
				TARGETED_DEVICE_FAMILY = "1,2";
			};
			name = Release;
		};
		5FAFBC2D2B49E1A90018504E /* Debug */ = {
			isa = XCBuildConfiguration;
			buildSettings = {
				ALWAYS_SEARCH_USER_PATHS = NO;
				CLANG_ANALYZER_NONNULL = YES;
				CLANG_ANALYZER_NUMBER_OBJECT_CONVERSION = YES_AGGRESSIVE;
				CLANG_CXX_LANGUAGE_STANDARD = "gnu++20";
				CLANG_ENABLE_MODULES = YES;
				CLANG_ENABLE_OBJC_ARC = YES;
				CLANG_ENABLE_OBJC_WEAK = YES;
				CLANG_WARN_BLOCK_CAPTURE_AUTORELEASING = YES;
				CLANG_WARN_BOOL_CONVERSION = YES;
				CLANG_WARN_COMMA = YES;
				CLANG_WARN_CONSTANT_CONVERSION = YES;
				CLANG_WARN_DEPRECATED_OBJC_IMPLEMENTATIONS = YES;
				CLANG_WARN_DIRECT_OBJC_ISA_USAGE = YES_ERROR;
				CLANG_WARN_DOCUMENTATION_COMMENTS = YES;
				CLANG_WARN_EMPTY_BODY = YES;
				CLANG_WARN_ENUM_CONVERSION = YES;
				CLANG_WARN_INFINITE_RECURSION = YES;
				CLANG_WARN_INT_CONVERSION = YES;
				CLANG_WARN_NON_LITERAL_NULL_CONVERSION = YES;
				CLANG_WARN_OBJC_IMPLICIT_RETAIN_SELF = YES;
				CLANG_WARN_OBJC_LITERAL_CONVERSION = YES;
				CLANG_WARN_OBJC_ROOT_CLASS = YES_ERROR;
				CLANG_WARN_QUOTED_INCLUDE_IN_FRAMEWORK_HEADER = YES;
				CLANG_WARN_RANGE_LOOP_ANALYSIS = YES;
				CLANG_WARN_STRICT_PROTOTYPES = YES;
				CLANG_WARN_SUSPICIOUS_MOVE = YES;
				CLANG_WARN_UNGUARDED_AVAILABILITY = YES_AGGRESSIVE;
				CLANG_WARN_UNREACHABLE_CODE = YES;
				CLANG_WARN__DUPLICATE_METHOD_MATCH = YES;
				COPY_PHASE_STRIP = NO;
				DEBUG_INFORMATION_FORMAT = dwarf;
				ENABLE_STRICT_OBJC_MSGSEND = YES;
				ENABLE_TESTABILITY = YES;
				GCC_C_LANGUAGE_STANDARD = gnu11;
				GCC_DYNAMIC_NO_PIC = NO;
				GCC_NO_COMMON_BLOCKS = YES;
				GCC_OPTIMIZATION_LEVEL = 0;
				GCC_PREPROCESSOR_DEFINITIONS = (
					"DEBUG=1",
					"$(inherited)",
				);
				GCC_WARN_64_TO_32_BIT_CONVERSION = YES;
				GCC_WARN_ABOUT_RETURN_TYPE = YES_ERROR;
				GCC_WARN_UNDECLARED_SELECTOR = YES;
				GCC_WARN_UNINITIALIZED_AUTOS = YES_AGGRESSIVE;
				GCC_WARN_UNUSED_FUNCTION = YES;
				GCC_WARN_UNUSED_VARIABLE = YES;
				IPHONEOS_DEPLOYMENT_TARGET = 17.0;
				MTL_ENABLE_DEBUG_INFO = INCLUDE_SOURCE;
				MTL_FAST_MATH = YES;
				ONLY_ACTIVE_ARCH = YES;
				SDKROOT = iphoneos;
				SWIFT_ACTIVE_COMPILATION_CONDITIONS = DEBUG;
				SWIFT_OPTIMIZATION_LEVEL = "-Onone";
			};
			name = Debug;
		};
		5FAFBC2E2B49E1A90018504E /* Release */ = {
			isa = XCBuildConfiguration;
			buildSettings = {
				ALWAYS_SEARCH_USER_PATHS = NO;
				CLANG_ANALYZER_NONNULL = YES;
				CLANG_ANALYZER_NUMBER_OBJECT_CONVERSION = YES_AGGRESSIVE;
				CLANG_CXX_LANGUAGE_STANDARD = "gnu++20";
				CLANG_ENABLE_MODULES = YES;
				CLANG_ENABLE_OBJC_ARC = YES;
				CLANG_ENABLE_OBJC_WEAK = YES;
				CLANG_WARN_BLOCK_CAPTURE_AUTORELEASING = YES;
				CLANG_WARN_BOOL_CONVERSION = YES;
				CLANG_WARN_COMMA = YES;
				CLANG_WARN_CONSTANT_CONVERSION = YES;
				CLANG_WARN_DEPRECATED_OBJC_IMPLEMENTATIONS = YES;
				CLANG_WARN_DIRECT_OBJC_ISA_USAGE = YES_ERROR;
				CLANG_WARN_DOCUMENTATION_COMMENTS = YES;
				CLANG_WARN_EMPTY_BODY = YES;
				CLANG_WARN_ENUM_CONVERSION = YES;
				CLANG_WARN_INFINITE_RECURSION = YES;
				CLANG_WARN_INT_CONVERSION = YES;
				CLANG_WARN_NON_LITERAL_NULL_CONVERSION = YES;
				CLANG_WARN_OBJC_IMPLICIT_RETAIN_SELF = YES;
				CLANG_WARN_OBJC_LITERAL_CONVERSION = YES;
				CLANG_WARN_OBJC_ROOT_CLASS = YES_ERROR;
				CLANG_WARN_QUOTED_INCLUDE_IN_FRAMEWORK_HEADER = YES;
				CLANG_WARN_RANGE_LOOP_ANALYSIS = YES;
				CLANG_WARN_STRICT_PROTOTYPES = YES;
				CLANG_WARN_SUSPICIOUS_MOVE = YES;
				CLANG_WARN_UNGUARDED_AVAILABILITY = YES_AGGRESSIVE;
				CLANG_WARN_UNREACHABLE_CODE = YES;
				CLANG_WARN__DUPLICATE_METHOD_MATCH = YES;
				COPY_PHASE_STRIP = NO;
				DEBUG_INFORMATION_FORMAT = "dwarf-with-dsym";
				ENABLE_NS_ASSERTIONS = NO;
				ENABLE_STRICT_OBJC_MSGSEND = YES;
				GCC_C_LANGUAGE_STANDARD = gnu11;
				GCC_NO_COMMON_BLOCKS = YES;
				GCC_WARN_64_TO_32_BIT_CONVERSION = YES;
				GCC_WARN_ABOUT_RETURN_TYPE = YES_ERROR;
				GCC_WARN_UNDECLARED_SELECTOR = YES;
				GCC_WARN_UNINITIALIZED_AUTOS = YES_AGGRESSIVE;
				GCC_WARN_UNUSED_FUNCTION = YES;
				GCC_WARN_UNUSED_VARIABLE = YES;
				IPHONEOS_DEPLOYMENT_TARGET = 17.0;
				MTL_ENABLE_DEBUG_INFO = NO;
				MTL_FAST_MATH = YES;
				SDKROOT = iphoneos;
				SWIFT_COMPILATION_MODE = wholemodule;
				SWIFT_OPTIMIZATION_LEVEL = "-O";
				VALIDATE_PRODUCT = YES;
			};
			name = Release;
		};
		5FAFBC302B49E1A90018504E /* Debug */ = {
			isa = XCBuildConfiguration;
			buildSettings = {
				ALWAYS_EMBED_SWIFT_STANDARD_LIBRARIES = YES;
				ASSETCATALOG_COMPILER_APPICON_NAME = AppIcon;
				ASSETCATALOG_COMPILER_GLOBAL_ACCENT_COLOR_NAME = AccentColor;
				CODE_SIGN_ENTITLEMENTS = Odyssey/Odyssey.entitlements;
				CODE_SIGN_STYLE = Automatic;
				CURRENT_PROJECT_VERSION = 1;
				DEVELOPMENT_ASSET_PATHS = "\"Odyssey/Preview Content\"";
				DEVELOPMENT_TEAM = P3Q6VLD666;
				ENABLE_PREVIEWS = YES;
				GENERATE_INFOPLIST_FILE = YES;
				INFOPLIST_FILE = Odyssey/Info.plist;
				INFOPLIST_KEY_LSApplicationCategoryType = "";
				INFOPLIST_KEY_NSLocationAlwaysAndWhenInUseUsageDescription = "We need to access your location data in the background to track your daily activity at 11:55 PM. That is the only time this App uses your location.";
				INFOPLIST_KEY_NSLocationAlwaysUsageDescription = "We need to access your location data in the background to track your daily activity at 11:55 PM.";
				INFOPLIST_KEY_NSLocationWhenInUseUsageDescription = "Your privacy is important to us! We only collect location data once a day at 11:55 PM to help you track your daily journey. This data is stored only on your device and is not shared.";
				INFOPLIST_KEY_UIApplicationSceneManifest_Generation = YES;
				INFOPLIST_KEY_UIApplicationSupportsIndirectInputEvents = YES;
				INFOPLIST_KEY_UILaunchScreen_Generation = YES;
				INFOPLIST_KEY_UISupportedInterfaceOrientations_iPad = "UIInterfaceOrientationPortrait UIInterfaceOrientationPortraitUpsideDown UIInterfaceOrientationLandscapeLeft UIInterfaceOrientationLandscapeRight";
				INFOPLIST_KEY_UISupportedInterfaceOrientations_iPhone = "UIInterfaceOrientationPortrait UIInterfaceOrientationLandscapeLeft UIInterfaceOrientationLandscapeRight";
				LD_RUNPATH_SEARCH_PATHS = (
					"$(inherited)",
					"@executable_path/Frameworks",
				);
				MARKETING_VERSION = 1.0;
				PRODUCT_BUNDLE_IDENTIFIER = com.johnlarkin.Odyssey;
				PRODUCT_NAME = "$(TARGET_NAME)";
				SWIFT_EMIT_LOC_STRINGS = YES;
				SWIFT_VERSION = 5.0;
				TARGETED_DEVICE_FAMILY = "1,2";
			};
			name = Debug;
		};
		5FAFBC312B49E1A90018504E /* Release */ = {
			isa = XCBuildConfiguration;
			buildSettings = {
				ALWAYS_EMBED_SWIFT_STANDARD_LIBRARIES = YES;
				ASSETCATALOG_COMPILER_APPICON_NAME = AppIcon;
				ASSETCATALOG_COMPILER_GLOBAL_ACCENT_COLOR_NAME = AccentColor;
				CODE_SIGN_ENTITLEMENTS = Odyssey/Odyssey.entitlements;
				CODE_SIGN_STYLE = Automatic;
				CURRENT_PROJECT_VERSION = 1;
				DEVELOPMENT_ASSET_PATHS = "\"Odyssey/Preview Content\"";
				DEVELOPMENT_TEAM = P3Q6VLD666;
				ENABLE_PREVIEWS = YES;
				GENERATE_INFOPLIST_FILE = YES;
				INFOPLIST_FILE = Odyssey/Info.plist;
				INFOPLIST_KEY_LSApplicationCategoryType = "";
				INFOPLIST_KEY_NSLocationAlwaysAndWhenInUseUsageDescription = "We need to access your location data in the background to track your daily activity at 11:55 PM. That is the only time this App uses your location.";
				INFOPLIST_KEY_NSLocationAlwaysUsageDescription = "We need to access your location data in the background to track your daily activity at 11:55 PM.";
				INFOPLIST_KEY_NSLocationWhenInUseUsageDescription = "Your privacy is important to us! We only collect location data once a day at 11:55 PM to help you track your daily journey. This data is stored only on your device and is not shared.";
				INFOPLIST_KEY_UIApplicationSceneManifest_Generation = YES;
				INFOPLIST_KEY_UIApplicationSupportsIndirectInputEvents = YES;
				INFOPLIST_KEY_UILaunchScreen_Generation = YES;
				INFOPLIST_KEY_UISupportedInterfaceOrientations_iPad = "UIInterfaceOrientationPortrait UIInterfaceOrientationPortraitUpsideDown UIInterfaceOrientationLandscapeLeft UIInterfaceOrientationLandscapeRight";
				INFOPLIST_KEY_UISupportedInterfaceOrientations_iPhone = "UIInterfaceOrientationPortrait UIInterfaceOrientationLandscapeLeft UIInterfaceOrientationLandscapeRight";
				LD_RUNPATH_SEARCH_PATHS = (
					"$(inherited)",
					"@executable_path/Frameworks",
				);
				MARKETING_VERSION = 1.0;
				PRODUCT_BUNDLE_IDENTIFIER = com.johnlarkin.Odyssey;
				PRODUCT_NAME = "$(TARGET_NAME)";
				SWIFT_EMIT_LOC_STRINGS = YES;
				SWIFT_VERSION = 5.0;
				TARGETED_DEVICE_FAMILY = "1,2";
			};
			name = Release;
		};
		5FAFBC332B49E1A90018504E /* Debug */ = {
			isa = XCBuildConfiguration;
			buildSettings = {
				ALWAYS_EMBED_SWIFT_STANDARD_LIBRARIES = YES;
				BUNDLE_LOADER = "$(TEST_HOST)";
				CODE_SIGN_STYLE = Automatic;
				CURRENT_PROJECT_VERSION = 1;
				DEVELOPMENT_TEAM = P3Q6VLD666;
				GENERATE_INFOPLIST_FILE = YES;
				IPHONEOS_DEPLOYMENT_TARGET = 17.0;
				MARKETING_VERSION = 1.0;
				PRODUCT_BUNDLE_IDENTIFIER = com.johnlarkin.OdysseyTests;
				PRODUCT_NAME = "$(TARGET_NAME)";
				SWIFT_EMIT_LOC_STRINGS = NO;
				SWIFT_VERSION = 5.0;
				TARGETED_DEVICE_FAMILY = "1,2";
				TEST_HOST = "$(BUILT_PRODUCTS_DIR)/Odyssey.app/$(BUNDLE_EXECUTABLE_FOLDER_PATH)/Odyssey";
			};
			name = Debug;
		};
		5FAFBC342B49E1A90018504E /* Release */ = {
			isa = XCBuildConfiguration;
			buildSettings = {
				ALWAYS_EMBED_SWIFT_STANDARD_LIBRARIES = YES;
				BUNDLE_LOADER = "$(TEST_HOST)";
				CODE_SIGN_STYLE = Automatic;
				CURRENT_PROJECT_VERSION = 1;
				DEVELOPMENT_TEAM = P3Q6VLD666;
				GENERATE_INFOPLIST_FILE = YES;
				IPHONEOS_DEPLOYMENT_TARGET = 17.0;
				MARKETING_VERSION = 1.0;
				PRODUCT_BUNDLE_IDENTIFIER = com.johnlarkin.OdysseyTests;
				PRODUCT_NAME = "$(TARGET_NAME)";
				SWIFT_EMIT_LOC_STRINGS = NO;
				SWIFT_VERSION = 5.0;
				TARGETED_DEVICE_FAMILY = "1,2";
				TEST_HOST = "$(BUILT_PRODUCTS_DIR)/Odyssey.app/$(BUNDLE_EXECUTABLE_FOLDER_PATH)/Odyssey";
			};
			name = Release;
		};
		5FAFBC362B49E1A90018504E /* Debug */ = {
			isa = XCBuildConfiguration;
			buildSettings = {
				ALWAYS_EMBED_SWIFT_STANDARD_LIBRARIES = YES;
				CODE_SIGN_STYLE = Automatic;
				CURRENT_PROJECT_VERSION = 1;
				DEVELOPMENT_TEAM = P3Q6VLD666;
				GENERATE_INFOPLIST_FILE = YES;
				MARKETING_VERSION = 1.0;
				PRODUCT_BUNDLE_IDENTIFIER = com.johnlarkin.OdysseyUITests;
				PRODUCT_NAME = "$(TARGET_NAME)";
				SWIFT_EMIT_LOC_STRINGS = NO;
				SWIFT_VERSION = 5.0;
				TARGETED_DEVICE_FAMILY = "1,2";
				TEST_TARGET_NAME = Odyssey;
			};
			name = Debug;
		};
		5FAFBC372B49E1A90018504E /* Release */ = {
			isa = XCBuildConfiguration;
			buildSettings = {
				ALWAYS_EMBED_SWIFT_STANDARD_LIBRARIES = YES;
				CODE_SIGN_STYLE = Automatic;
				CURRENT_PROJECT_VERSION = 1;
				DEVELOPMENT_TEAM = P3Q6VLD666;
				GENERATE_INFOPLIST_FILE = YES;
				MARKETING_VERSION = 1.0;
				PRODUCT_BUNDLE_IDENTIFIER = com.johnlarkin.OdysseyUITests;
				PRODUCT_NAME = "$(TARGET_NAME)";
				SWIFT_EMIT_LOC_STRINGS = NO;
				SWIFT_VERSION = 5.0;
				TARGETED_DEVICE_FAMILY = "1,2";
				TEST_TARGET_NAME = Odyssey;
			};
			name = Release;
		};
/* End XCBuildConfiguration section */

/* Begin XCConfigurationList section */
		5F96AAB02B4C38DD00999B84 /* Build configuration list for PBXNativeTarget "OdysseyDeviceActivityMonitor" */ = {
			isa = XCConfigurationList;
			buildConfigurations = (
				5F96AAB12B4C38DD00999B84 /* Debug */,
				5F96AAB22B4C38DD00999B84 /* Release */,
			);
			defaultConfigurationIsVisible = 0;
			defaultConfigurationName = Release;
		};
		5F96AAC52B4C410D00999B84 /* Build configuration list for PBXNativeTarget "OdysseyDeviceActivityReport" */ = {
			isa = XCConfigurationList;
			buildConfigurations = (
				5F96AAC62B4C410D00999B84 /* Debug */,
				5F96AAC72B4C410D00999B84 /* Release */,
			);
			defaultConfigurationIsVisible = 0;
			defaultConfigurationName = Release;
		};
		5FAFBC012B49E1A60018504E /* Build configuration list for PBXProject "Odyssey" */ = {
			isa = XCConfigurationList;
			buildConfigurations = (
				5FAFBC2D2B49E1A90018504E /* Debug */,
				5FAFBC2E2B49E1A90018504E /* Release */,
			);
			defaultConfigurationIsVisible = 0;
			defaultConfigurationName = Release;
		};
		5FAFBC2F2B49E1A90018504E /* Build configuration list for PBXNativeTarget "Odyssey" */ = {
			isa = XCConfigurationList;
			buildConfigurations = (
				5FAFBC302B49E1A90018504E /* Debug */,
				5FAFBC312B49E1A90018504E /* Release */,
			);
			defaultConfigurationIsVisible = 0;
			defaultConfigurationName = Release;
		};
		5FAFBC322B49E1A90018504E /* Build configuration list for PBXNativeTarget "OdysseyTests" */ = {
			isa = XCConfigurationList;
			buildConfigurations = (
				5FAFBC332B49E1A90018504E /* Debug */,
				5FAFBC342B49E1A90018504E /* Release */,
			);
			defaultConfigurationIsVisible = 0;
			defaultConfigurationName = Release;
		};
		5FAFBC352B49E1A90018504E /* Build configuration list for PBXNativeTarget "OdysseyUITests" */ = {
			isa = XCConfigurationList;
			buildConfigurations = (
				5FAFBC362B49E1A90018504E /* Debug */,
				5FAFBC372B49E1A90018504E /* Release */,
			);
			defaultConfigurationIsVisible = 0;
			defaultConfigurationName = Release;
		};
/* End XCConfigurationList section */

/* Begin XCRemoteSwiftPackageReference section */
		5F96AA712B49FD6600999B84 /* XCRemoteSwiftPackageReference "lottie-spm" */ = {
			isa = XCRemoteSwiftPackageReference;
			repositoryURL = "https://github.com/airbnb/lottie-spm.git";
			requirement = {
				kind = upToNextMajorVersion;
				minimumVersion = 4.0.0;
			};
		};
/* End XCRemoteSwiftPackageReference section */

/* Begin XCSwiftPackageProductDependency section */
		5F96AA722B49FD6600999B84 /* Lottie */ = {
			isa = XCSwiftPackageProductDependency;
			package = 5F96AA712B49FD6600999B84 /* XCRemoteSwiftPackageReference "lottie-spm" */;
			productName = Lottie;
		};
/* End XCSwiftPackageProductDependency section */

/* Begin XCVersionGroup section */
		5FAFBC142B49E1A80018504E /* Odyssey.xcdatamodeld */ = {
			isa = XCVersionGroup;
			children = (
				5FAFBC152B49E1A80018504E /* Odyssey.xcdatamodel */,
			);
			currentVersion = 5FAFBC152B49E1A80018504E /* Odyssey.xcdatamodel */;
			path = Odyssey.xcdatamodeld;
			sourceTree = "<group>";
			versionGroupType = wrapper.xcdatamodel;
		};
/* End XCVersionGroup section */
	};
	rootObject = 5FAFBBFE2B49E1A60018504E /* Project object */;
}
